
Microsoft Visual Studio Solution File, Format Version 12.00
# Visual Studio Version 16
VisualStudioVersion = 16.0.29306.81
MinimumVisualStudioVersion = 10.0.40219.1
Project("{2150E333-8FDC-42A3-9474-1A3956D46DE8}") = "Shared", "Shared", "{B0E8551B-B9FD-4020-BD22-36DC2224F79F}"
EndProject
Project("{2150E333-8FDC-42A3-9474-1A3956D46DE8}") = "Runners", "Runners", "{8759BE68-DE03-4611-A6C1-D6E5C51E6708}"
EndProject
Project("{FAE04EC0-301F-11D3-BF4B-00C04F79EFBC}") = "CSharpRunner.Desktop", "Runners\CSharpRunner\CSharpRunner.Desktop.csproj", "{DAF95523-3DE1-4CD9-9628-C4770EF55B31}"
EndProject
Project("{FAE04EC0-301F-11D3-BF4B-00C04F79EFBC}") = "LuaRunner.Desktop", "Runners\LuaRunner\LuaRunner.Desktop.csproj", "{9030D2E9-3B2C-47D9-8AF0-82874CB00C24}"
EndProject
Project("{D954291E-2A0B-460D-934E-DC6B0785DB48}") = "PixelVision8.SDK", "SDK\PixelVision8.SDK.shproj", "{0E005B2D-EAC6-46A4-A054-97627EC9C805}"
EndProject
Project("{D954291E-2A0B-460D-934E-DC6B0785DB48}") = "PixelVision8.Lua", "SDK\PixelVision8.Lua.shproj", "{E44760EB-E7C5-40C1-BBFC-0092FBF1C12B}"
EndProject
Global
	GlobalSection(SharedMSBuildProjectFiles) = preSolution
		SDK\PixelVision8.SDK.projitems*{0e005b2d-eac6-46a4-a054-97627ec9c805}*SharedItemsImports = 13
		SDK\PixelVision8.Lua.projitems*{9030d2e9-3b2c-47d9-8af0-82874cb00c24}*SharedItemsImports = 4
		SDK\PixelVision8.SDK.projitems*{9030d2e9-3b2c-47d9-8af0-82874cb00c24}*SharedItemsImports = 4
		SDK\PixelVision8.SDK.projitems*{daf95523-3de1-4cd9-9628-c4770ef55b31}*SharedItemsImports = 4
		SDK\PixelVision8.Lua.projitems*{e44760eb-e7c5-40c1-bbfc-0092fbf1c12b}*SharedItemsImports = 13
	EndGlobalSection
	GlobalSection(SolutionConfigurationPlatforms) = preSolution
		Debug|Any CPU = Debug|Any CPU
		Release|Any CPU = Release|Any CPU
	EndGlobalSection
	GlobalSection(ProjectConfigurationPlatforms) = postSolution
		{DAF95523-3DE1-4CD9-9628-C4770EF55B31}.Debug|Any CPU.ActiveCfg = Debug|Any CPU
		{DAF95523-3DE1-4CD9-9628-C4770EF55B31}.Debug|Any CPU.Build.0 = Debug|Any CPU
		{DAF95523-3DE1-4CD9-9628-C4770EF55B31}.Release|Any CPU.ActiveCfg = Release|Any CPU
		{DAF95523-3DE1-4CD9-9628-C4770EF55B31}.Release|Any CPU.Build.0 = Release|Any CPU
		{9030D2E9-3B2C-47D9-8AF0-82874CB00C24}.Debug|Any CPU.ActiveCfg = Debug|Any CPU
		{9030D2E9-3B2C-47D9-8AF0-82874CB00C24}.Debug|Any CPU.Build.0 = Debug|Any CPU
		{9030D2E9-3B2C-47D9-8AF0-82874CB00C24}.Release|Any CPU.ActiveCfg = Release|Any CPU
		{9030D2E9-3B2C-47D9-8AF0-82874CB00C24}.Release|Any CPU.Build.0 = Release|Any CPU
	EndGlobalSection
	GlobalSection(SolutionProperties) = preSolution
		HideSolutionNode = FALSE
	EndGlobalSection
	GlobalSection(NestedProjects) = preSolution
		{DAF95523-3DE1-4CD9-9628-C4770EF55B31} = {8759BE68-DE03-4611-A6C1-D6E5C51E6708}
		{9030D2E9-3B2C-47D9-8AF0-82874CB00C24} = {8759BE68-DE03-4611-A6C1-D6E5C51E6708}
		{0E005B2D-EAC6-46A4-A054-97627EC9C805} = {B0E8551B-B9FD-4020-BD22-36DC2224F79F}
		{E44760EB-E7C5-40C1-BBFC-0092FBF1C12B} = {B0E8551B-B9FD-4020-BD22-36DC2224F79F}
	EndGlobalSection
	GlobalSection(ExtensibilityGlobals) = postSolution
		SolutionGuid = {F34BD1FF-9FB3-4809-B45D-C0B2DAB96D51}
	EndGlobalSection
	GlobalSection(MonoDevelopProperties) = preSolution
		version = 0.9.0
	EndGlobalSection
EndGlobal
