
Microsoft Visual Studio Solution File, Format Version 12.00
Project("{FAE04EC0-301F-11D3-BF4B-00C04F79EFBC}") = "PixelVision8.CoreDesktop", "Projects\PixelVision8\PixelVision8.CoreDesktop.csproj", "{2590A596-C437-4B7D-A91C-0AD59CB2DBBA}"
EndProject
Project("{FAE04EC0-301F-11D3-BF4B-00C04F79EFBC}") = "PixelVisoin8.Tests", "Projects\Tests\PixelVisoin8.Tests.csproj", "{97F0347F-2A33-4302-9376-C8B46934F154}"
EndProject
Project("{FAE04EC0-301F-11D3-BF4B-00C04F79EFBC}") = "PixelVision8.CSharpRunner", "Projects\CSharpRunner\PixelVision8.CSharpRunner.csproj", "{E466E63A-EF3F-4B0D-A83A-E67B6F7EC0D6}"
EndProject
Project("{FAE04EC0-301F-11D3-BF4B-00C04F79EFBC}") = "PixelVision8.LuaRunner", "Projects\LuaRunner\PixelVision8.LuaRunner.csproj", "{3110A80A-C768-4075-B92B-46300A60A0B9}"
EndProject
Project("{FAE04EC0-301F-11D3-BF4B-00C04F79EFBC}") = "PixelVision8.RoslynRunner", "Projects\RoslynRunner\PixelVision8.RoslynRunner.csproj", "{F8BF76F8-6C53-435D-8CF8-C1AFDFA57226}"
EndProject
Global
	GlobalSection(SolutionConfigurationPlatforms) = preSolution
		Debug|Any CPU = Debug|Any CPU
		Release|Any CPU = Release|Any CPU
	EndGlobalSection
	GlobalSection(ProjectConfigurationPlatforms) = postSolution
		{2590A596-C437-4B7D-A91C-0AD59CB2DBBA}.Debug|Any CPU.ActiveCfg = Debug|Any CPU
		{2590A596-C437-4B7D-A91C-0AD59CB2DBBA}.Debug|Any CPU.Build.0 = Debug|Any CPU
		{2590A596-C437-4B7D-A91C-0AD59CB2DBBA}.Release|Any CPU.ActiveCfg = Release|Any CPU
		{2590A596-C437-4B7D-A91C-0AD59CB2DBBA}.Release|Any CPU.Build.0 = Release|Any CPU
		{97F0347F-2A33-4302-9376-C8B46934F154}.Debug|Any CPU.ActiveCfg = Debug|Any CPU
		{97F0347F-2A33-4302-9376-C8B46934F154}.Debug|Any CPU.Build.0 = Debug|Any CPU
		{97F0347F-2A33-4302-9376-C8B46934F154}.Release|Any CPU.ActiveCfg = Release|Any CPU
		{97F0347F-2A33-4302-9376-C8B46934F154}.Release|Any CPU.Build.0 = Release|Any CPU
		{E466E63A-EF3F-4B0D-A83A-E67B6F7EC0D6}.Debug|Any CPU.ActiveCfg = Debug|Any CPU
		{E466E63A-EF3F-4B0D-A83A-E67B6F7EC0D6}.Debug|Any CPU.Build.0 = Debug|Any CPU
		{E466E63A-EF3F-4B0D-A83A-E67B6F7EC0D6}.Release|Any CPU.ActiveCfg = Release|Any CPU
		{E466E63A-EF3F-4B0D-A83A-E67B6F7EC0D6}.Release|Any CPU.Build.0 = Release|Any CPU
		{3110A80A-C768-4075-B92B-46300A60A0B9}.Debug|Any CPU.ActiveCfg = Debug|Any CPU
		{3110A80A-C768-4075-B92B-46300A60A0B9}.Debug|Any CPU.Build.0 = Debug|Any CPU
		{3110A80A-C768-4075-B92B-46300A60A0B9}.Release|Any CPU.ActiveCfg = Release|Any CPU
		{3110A80A-C768-4075-B92B-46300A60A0B9}.Release|Any CPU.Build.0 = Release|Any CPU
		{F8BF76F8-6C53-435D-8CF8-C1AFDFA57226}.Debug|Any CPU.ActiveCfg = Debug|Any CPU
		{F8BF76F8-6C53-435D-8CF8-C1AFDFA57226}.Debug|Any CPU.Build.0 = Debug|Any CPU
		{F8BF76F8-6C53-435D-8CF8-C1AFDFA57226}.Release|Any CPU.ActiveCfg = Release|Any CPU
		{F8BF76F8-6C53-435D-8CF8-C1AFDFA57226}.Release|Any CPU.Build.0 = Release|Any CPU
	EndGlobalSection
EndGlobal
