
Microsoft Visual Studio Solution File, Format Version 12.00
# Visual Studio Version 16
VisualStudioVersion = 16.0.29306.81
MinimumVisualStudioVersion = 10.0.40219.1
Project("{2150E333-8FDC-42A3-9474-1A3956D46DE8}") = "Shared", "Shared", "{B0E8551B-B9FD-4020-BD22-36DC2224F79F}"
EndProject
Project("{2150E333-8FDC-42A3-9474-1A3956D46DE8}") = "Libs", "Libs", "{8759BE68-DE03-4611-A6C1-D6E5C51E6708}"
EndProject
Project("{D954291E-2A0B-460D-934E-DC6B0785DB48}") = "PixelVision8.SDK", "SDK\PixelVision8.SDK.shproj", "{0E005B2D-EAC6-46A4-A054-97627EC9C805}"
EndProject
Project("{D954291E-2A0B-460D-934E-DC6B0785DB48}") = "PixelVision8.Lua", "SDK\PixelVision8.Lua.shproj", "{E44760EB-E7C5-40C1-BBFC-0092FBF1C12B}"
EndProject
Project("{FAE04EC0-301F-11D3-BF4B-00C04F79EFBC}") = "PixelVision8CSharpLib", "Libraries\CSharpLibrary\PixelVision8CSharpLib.csproj", "{08BA7A39-5A1A-49A7-966F-9730BADF702E}"
EndProject
Project("{FAE04EC0-301F-11D3-BF4B-00C04F79EFBC}") = "PixelVision8LuaLib", "Libraries\LuaLibrary\PixelVision8LuaLib.csproj", "{52C4FDEF-86E8-4A21-94C3-06499335E45A}"
EndProject
Global
	GlobalSection(SharedMSBuildProjectFiles) = preSolution
		SDK\PixelVision8.SDK.projitems*{08ba7a39-5a1a-49a7-966f-9730badf702e}*SharedItemsImports = 4
		SDK\PixelVision8.SDK.projitems*{0e005b2d-eac6-46a4-a054-97627ec9c805}*SharedItemsImports = 13
		SDK\PixelVision8.Lua.projitems*{52c4fdef-86e8-4a21-94c3-06499335e45a}*SharedItemsImports = 4
		SDK\PixelVision8.Lua.projitems*{e44760eb-e7c5-40c1-bbfc-0092fbf1c12b}*SharedItemsImports = 13
	EndGlobalSection
	GlobalSection(SolutionConfigurationPlatforms) = preSolution
		Debug|Any CPU = Debug|Any CPU
		Debug|x64 = Debug|x64
		Debug|x86 = Debug|x86
		Release|Any CPU = Release|Any CPU
		Release|x64 = Release|x64
		Release|x86 = Release|x86
	EndGlobalSection
	GlobalSection(ProjectConfigurationPlatforms) = postSolution
		{08BA7A39-5A1A-49A7-966F-9730BADF702E}.Debug|Any CPU.ActiveCfg = Debug|Any CPU
		{08BA7A39-5A1A-49A7-966F-9730BADF702E}.Debug|Any CPU.Build.0 = Debug|Any CPU
		{08BA7A39-5A1A-49A7-966F-9730BADF702E}.Debug|x64.ActiveCfg = Debug|Any CPU
		{08BA7A39-5A1A-49A7-966F-9730BADF702E}.Debug|x64.Build.0 = Debug|Any CPU
		{08BA7A39-5A1A-49A7-966F-9730BADF702E}.Debug|x86.ActiveCfg = Debug|Any CPU
		{08BA7A39-5A1A-49A7-966F-9730BADF702E}.Debug|x86.Build.0 = Debug|Any CPU
		{08BA7A39-5A1A-49A7-966F-9730BADF702E}.Release|Any CPU.ActiveCfg = Release|Any CPU
		{08BA7A39-5A1A-49A7-966F-9730BADF702E}.Release|Any CPU.Build.0 = Release|Any CPU
		{08BA7A39-5A1A-49A7-966F-9730BADF702E}.Release|x64.ActiveCfg = Release|Any CPU
		{08BA7A39-5A1A-49A7-966F-9730BADF702E}.Release|x64.Build.0 = Release|Any CPU
		{08BA7A39-5A1A-49A7-966F-9730BADF702E}.Release|x86.ActiveCfg = Release|Any CPU
		{08BA7A39-5A1A-49A7-966F-9730BADF702E}.Release|x86.Build.0 = Release|Any CPU
		{52C4FDEF-86E8-4A21-94C3-06499335E45A}.Debug|Any CPU.ActiveCfg = Debug|Any CPU
		{52C4FDEF-86E8-4A21-94C3-06499335E45A}.Debug|Any CPU.Build.0 = Debug|Any CPU
		{52C4FDEF-86E8-4A21-94C3-06499335E45A}.Debug|x64.ActiveCfg = Debug|Any CPU
		{52C4FDEF-86E8-4A21-94C3-06499335E45A}.Debug|x64.Build.0 = Debug|Any CPU
		{52C4FDEF-86E8-4A21-94C3-06499335E45A}.Debug|x86.ActiveCfg = Debug|Any CPU
		{52C4FDEF-86E8-4A21-94C3-06499335E45A}.Debug|x86.Build.0 = Debug|Any CPU
		{52C4FDEF-86E8-4A21-94C3-06499335E45A}.Release|Any CPU.ActiveCfg = Release|Any CPU
		{52C4FDEF-86E8-4A21-94C3-06499335E45A}.Release|Any CPU.Build.0 = Release|Any CPU
		{52C4FDEF-86E8-4A21-94C3-06499335E45A}.Release|x64.ActiveCfg = Release|Any CPU
		{52C4FDEF-86E8-4A21-94C3-06499335E45A}.Release|x64.Build.0 = Release|Any CPU
		{52C4FDEF-86E8-4A21-94C3-06499335E45A}.Release|x86.ActiveCfg = Release|Any CPU
		{52C4FDEF-86E8-4A21-94C3-06499335E45A}.Release|x86.Build.0 = Release|Any CPU
	EndGlobalSection
	GlobalSection(SolutionProperties) = preSolution
		HideSolutionNode = FALSE
	EndGlobalSection
	GlobalSection(NestedProjects) = preSolution
		{0E005B2D-EAC6-46A4-A054-97627EC9C805} = {B0E8551B-B9FD-4020-BD22-36DC2224F79F}
		{E44760EB-E7C5-40C1-BBFC-0092FBF1C12B} = {B0E8551B-B9FD-4020-BD22-36DC2224F79F}
		{08BA7A39-5A1A-49A7-966F-9730BADF702E} = {8759BE68-DE03-4611-A6C1-D6E5C51E6708}
		{52C4FDEF-86E8-4A21-94C3-06499335E45A} = {8759BE68-DE03-4611-A6C1-D6E5C51E6708}
	EndGlobalSection
	GlobalSection(ExtensibilityGlobals) = postSolution
		SolutionGuid = {F34BD1FF-9FB3-4809-B45D-C0B2DAB96D51}
	EndGlobalSection
	GlobalSection(MonoDevelopProperties) = preSolution
		version = 0.9.0
	EndGlobalSection
EndGlobal
