
Microsoft Visual Studio Solution File, Format Version 12.00
# Visual Studio Version 16
VisualStudioVersion = 16.0.30621.155
MinimumVisualStudioVersion = 10.0.40219.1
Project("{9A19103F-16F7-4668-BE54-9A1E7A4F7556}") = "PixelVision8.CoreDesktop", "PixelVision8.CoreDesktop.csproj", "{0050BF23-F810-4F0D-A976-C808FC5AC642}"
EndProject
Global
	GlobalSection(SolutionConfigurationPlatforms) = preSolution
		Debug|Any CPU = Debug|Any CPU
		Release|Any CPU = Release|Any CPU
	EndGlobalSection
	GlobalSection(ProjectConfigurationPlatforms) = postSolution
		{0050BF23-F810-4F0D-A976-C808FC5AC642}.Debug|Any CPU.ActiveCfg = Debug|Any CPU
		{0050BF23-F810-4F0D-A976-C808FC5AC642}.Debug|Any CPU.Build.0 = Debug|Any CPU
		{0050BF23-F810-4F0D-A976-C808FC5AC642}.Release|Any CPU.ActiveCfg = Release|Any CPU
		{0050BF23-F810-4F0D-A976-C808FC5AC642}.Release|Any CPU.Build.0 = Release|Any CPU
	EndGlobalSection
	GlobalSection(SolutionProperties) = preSolution
		HideSolutionNode = FALSE
	EndGlobalSection
	GlobalSection(ExtensibilityGlobals) = postSolution
		SolutionGuid = {A813DE31-E6D9-4E91-B2D0-35D94BD401A2}
	EndGlobalSection
EndGlobal
