
Microsoft Visual Studio Solution File, Format Version 12.00
# Visual Studio Version 16
VisualStudioVersion = 16.0.29306.81
MinimumVisualStudioVersion = 10.0.40219.1
Project("{9A19103F-16F7-4668-BE54-9A1E7A4F7556}") = "BackgroundColor.CoreDesktop", "CSharp\BackgroundColor\BackgroundColor.CoreDesktop.csproj", "{917E5159-CF5A-4F33-AEE5-82DB145FFEBB}"
EndProject
Project("{9A19103F-16F7-4668-BE54-9A1E7A4F7556}") = "Button.CoreDesktop", "CSharp\Button\Button.CoreDesktop.csproj", "{D9CCA310-9DFD-4353-8F79-3C4BE5BEFB3E}"
EndProject
Project("{9A19103F-16F7-4668-BE54-9A1E7A4F7556}") = "CalculateDistance.CoreDesktop", "CSharp\CalculateDistance\CalculateDistance.CoreDesktop.csproj", "{5F84F77C-4B96-470E-B6E1-FEC39157DD2D}"
EndProject
Project("{9A19103F-16F7-4668-BE54-9A1E7A4F7556}") = "CalculateIndex.CoreDesktop", "CSharp\CalculateIndex\CalculateIndex.CoreDesktop.csproj", "{4E6C91D7-7D3C-4B90-B3D6-3360C8E8C1D9}"
EndProject
Project("{9A19103F-16F7-4668-BE54-9A1E7A4F7556}") = "CalculatePosition.CoreDesktop", "CSharp\CalculatePosition\CalculatePosition.CoreDesktop.csproj", "{60047ABC-4849-4F9C-80F9-42C9B367B375}"
EndProject
Project("{9A19103F-16F7-4668-BE54-9A1E7A4F7556}") = "CharacterToPixelData.CoreDesktop", "CSharp\CharacterToPixelData\CharacterToPixelData.CoreDesktop.csproj", "{D15C5136-38D7-4E07-A0AE-BC5631FD3F1C}"
EndProject
Project("{9A19103F-16F7-4668-BE54-9A1E7A4F7556}") = "Clamp.CoreDesktop", "CSharp\Clamp\Clamp.CoreDesktop.csproj", "{370DAC7C-8C06-431C-9BEA-C30753F9FAC2}"
EndProject
Project("{9A19103F-16F7-4668-BE54-9A1E7A4F7556}") = "Clear.CoreDesktop", "CSharp\Clear\Clear.CoreDesktop.csproj", "{D08C95FD-57AC-4758-BB1B-EC414F7E8CD1}"
EndProject
Project("{9A19103F-16F7-4668-BE54-9A1E7A4F7556}") = "Color.CoreDesktop", "CSharp\Color\Color.CoreDesktop.csproj", "{2C0763D3-F45B-48AE-A2A2-B48D2CB2A23F}"
EndProject
Project("{9A19103F-16F7-4668-BE54-9A1E7A4F7556}") = "ColorsPerSprite.CoreDesktop", "CSharp\ColorsPerSprite\ColorsPerSprite.CoreDesktop.csproj", "{9FED8D81-836F-4ABD-8D73-7110F21C56DD}"
EndProject
Project("{9A19103F-16F7-4668-BE54-9A1E7A4F7556}") = "Display.CoreDesktop", "CSharp\Display\Display.CoreDesktop.csproj", "{4FAC8A03-4997-4AA5-92FD-EC3267D7C734}"
EndProject
Project("{9A19103F-16F7-4668-BE54-9A1E7A4F7556}") = "DrawPixels.CoreDesktop", "CSharp\DrawPixels\DrawPixels.CoreDesktop.csproj", "{5B2562A3-1B66-4AE0-8546-3A461C435614}"
EndProject
Project("{9A19103F-16F7-4668-BE54-9A1E7A4F7556}") = "DrawRect.CoreDesktop", "CSharp\DrawRect\DrawRect.CoreDesktop.csproj", "{FAD431C7-2A05-4B9F-B58D-D2827F6F71EA}"
EndProject
Project("{9A19103F-16F7-4668-BE54-9A1E7A4F7556}") = "DrawSprite.CoreDesktop", "CSharp\DrawSprite\DrawSprite.CoreDesktop.csproj", "{A449E750-3E78-48B3-8A98-BE1CD2A8A76B}"
EndProject
Project("{9A19103F-16F7-4668-BE54-9A1E7A4F7556}") = "DrawSpriteBlock.CoreDesktop", "CSharp\DrawSpriteBlock\DrawSpriteBlock.CoreDesktop.csproj", "{26BFC477-59A6-4715-83EC-9235D9DA3FE8}"
EndProject
Project("{9A19103F-16F7-4668-BE54-9A1E7A4F7556}") = "DrawSprites.CoreDesktop", "CSharp\DrawSprites\DrawSprites.CoreDesktop.csproj", "{0AEC6B89-1155-46B1-BB5D-93C4A2CB96FC}"
EndProject
Project("{9A19103F-16F7-4668-BE54-9A1E7A4F7556}") = "DrawText.CoreDesktop", "CSharp\DrawText\DrawText.CoreDesktop.csproj", "{7496C9C4-BBC2-46A0-A26A-5E4F45F6D94A}"
EndProject
Project("{9A19103F-16F7-4668-BE54-9A1E7A4F7556}") = "DrawTilemap.CoreDesktop", "CSharp\DrawTilemap\DrawTilemap.CoreDesktop.csproj", "{6FEBF854-5515-4D61-BDD8-2614820DF041}"
EndProject
Project("{9A19103F-16F7-4668-BE54-9A1E7A4F7556}") = "Flag.CoreDesktop", "CSharp\Flag\Flag.CoreDesktop.csproj", "{3EC9E0D0-C7F6-4434-A8B9-9D82C5C57950}"
EndProject
Project("{9A19103F-16F7-4668-BE54-9A1E7A4F7556}") = "InputString.CoreDesktop", "CSharp\InputString\InputString.CoreDesktop.csproj", "{87267F49-C336-45A2-9A2F-65F89A0FDBE3}"
EndProject
Project("{9A19103F-16F7-4668-BE54-9A1E7A4F7556}") = "IsChannelPlaying.CoreDesktop", "CSharp\IsChannelPlaying\IsChannelPlaying.CoreDesktop.csproj", "{B9779451-AF56-462B-BCD7-7A9DA3B03F7A}"
EndProject
Project("{9A19103F-16F7-4668-BE54-9A1E7A4F7556}") = "Key.CoreDesktop", "CSharp\Key\Key.CoreDesktop.csproj", "{677F38BF-761C-46D1-9516-5E6381F039B5}"
EndProject
Project("{9A19103F-16F7-4668-BE54-9A1E7A4F7556}") = "MaxSpriteCount.CoreDesktop", "CSharp\MaxSpriteCount\MaxSpriteCount.CoreDesktop.csproj", "{A8A7E7C1-3854-4F1D-B9EC-B39464F4B45A}"
EndProject
Project("{9A19103F-16F7-4668-BE54-9A1E7A4F7556}") = "MouseButton.CoreDesktop", "CSharp\MouseButton\MouseButton.CoreDesktop.csproj", "{2D0FE3E7-6BF4-4E1F-93A2-25AA3598BEE7}"
EndProject
Project("{9A19103F-16F7-4668-BE54-9A1E7A4F7556}") = "MousePosition.CoreDesktop", "CSharp\MousePosition\MousePosition.CoreDesktop.csproj", "{20A64DE9-8008-4537-B5CB-B638AD6FC5B3}"
EndProject
Project("{9A19103F-16F7-4668-BE54-9A1E7A4F7556}") = "NewCanvas.CoreDesktop", "CSharp\NewCanvas\NewCanvas.CoreDesktop.csproj", "{E8BCE520-AA5E-493B-8318-1A4999D4B359}"
EndProject
Project("{9A19103F-16F7-4668-BE54-9A1E7A4F7556}") = "NewPoint.CoreDesktop", "CSharp\NewPoint\NewPoint.CoreDesktop.csproj", "{5ACA0296-35E2-4FA2-95A8-C1EF521D14E1}"
EndProject
Project("{9A19103F-16F7-4668-BE54-9A1E7A4F7556}") = "NewRect.CoreDesktop", "CSharp\NewRect\NewRect.CoreDesktop.csproj", "{54933328-668F-42F6-A428-BEAE9004EA51}"
EndProject
Project("{9A19103F-16F7-4668-BE54-9A1E7A4F7556}") = "PaletteOffset.CoreDesktop", "CSharp\PaletteOffset\PaletteOffset.CoreDesktop.csproj", "{6DAFAB9F-F44D-4D8B-A952-721795059EE6}"
EndProject
Project("{9A19103F-16F7-4668-BE54-9A1E7A4F7556}") = "PauseSong.CoreDesktop", "CSharp\PauseSong\PauseSong.CoreDesktop.csproj", "{189FBCB8-AA32-4A16-B50A-0C1CF8BDEC61}"
EndProject
Project("{9A19103F-16F7-4668-BE54-9A1E7A4F7556}") = "PlaySong.CoreDesktop", "CSharp\PlaySong\PlaySong.CoreDesktop.csproj", "{AEE90D88-4F59-4E91-BB4E-2FF48C5E1053}"
EndProject
Project("{9A19103F-16F7-4668-BE54-9A1E7A4F7556}") = "PlaySound.CoreDesktop", "CSharp\PlaySound\PlaySound.CoreDesktop.csproj", "{AAA887D4-A574-4EF0-BFB5-CDE65E1A43DA}"
EndProject
Project("{9A19103F-16F7-4668-BE54-9A1E7A4F7556}") = "ReadAllMetadata.CoreDesktop", "CSharp\ReadAllMetadata\ReadAllMetadata.CoreDesktop.csproj", "{3E6DE2E4-2F2F-4F34-B81E-A22A6FD51587}"
EndProject
Project("{9A19103F-16F7-4668-BE54-9A1E7A4F7556}") = "ReadMetadata.CoreDesktop", "CSharp\ReadMetadata\ReadMetadata.CoreDesktop.csproj", "{40188D18-ECBE-4257-86A2-2452F9624948}"
EndProject
Project("{9A19103F-16F7-4668-BE54-9A1E7A4F7556}") = "ReadSaveData.CoreDesktop", "CSharp\ReadSaveData\ReadSaveData.CoreDesktop.csproj", "{EBEBE56D-4AEB-4EA2-A275-B742FC899871}"
EndProject
Project("{9A19103F-16F7-4668-BE54-9A1E7A4F7556}") = "RebuildTilemap.CoreDesktop", "CSharp\RebuildTilemap\RebuildTilemap.CoreDesktop.csproj", "{F9600E9A-6A48-48FD-82F8-085F03F099BC}"
EndProject
Project("{9A19103F-16F7-4668-BE54-9A1E7A4F7556}") = "RedrawDisplay.CoreDesktop", "CSharp\RedrawDisplay\RedrawDisplay.CoreDesktop.csproj", "{156DF608-98A0-4B76-A563-B1F3DB0CAF83}"
EndProject
Project("{9A19103F-16F7-4668-BE54-9A1E7A4F7556}") = "Repeat.CoreDesktop", "CSharp\Repeat\Repeat.CoreDesktop.csproj", "{43129568-79E4-4EC8-BB46-49B69A525974}"
EndProject
Project("{9A19103F-16F7-4668-BE54-9A1E7A4F7556}") = "ReplaceColor.CoreDesktop", "CSharp\ReplaceColor\ReplaceColor.CoreDesktop.csproj", "{E15E2722-8106-4436-AAEC-573596357559}"
EndProject
Project("{9A19103F-16F7-4668-BE54-9A1E7A4F7556}") = "RewindSong.CoreDesktop", "CSharp\RewindSong\RewindSong.CoreDesktop.csproj", "{5575342E-6619-4C24-9389-9D67172C2405}"
EndProject
Project("{9A19103F-16F7-4668-BE54-9A1E7A4F7556}") = "ScrollPosition.CoreDesktop", "CSharp\ScrollPosition\ScrollPosition.CoreDesktop.csproj", "{A5CAC281-7225-4FE7-95CF-6F2E5BB28673}"
EndProject
Project("{9A19103F-16F7-4668-BE54-9A1E7A4F7556}") = "SongData.CoreDesktop", "CSharp\SongData\SongData.CoreDesktop.csproj", "{6E94A9E3-7339-4B9F-8AA3-7C96FFE15098}"
EndProject
Project("{9A19103F-16F7-4668-BE54-9A1E7A4F7556}") = "Sound.CoreDesktop", "CSharp\Sound\Sound.CoreDesktop.csproj", "{873C4252-644E-4EF8-BEA3-1CFE3984F925}"
EndProject
Project("{9A19103F-16F7-4668-BE54-9A1E7A4F7556}") = "SplitLines.CoreDesktop", "CSharp\SplitLines\SplitLines.CoreDesktop.csproj", "{43154333-8B43-457C-9858-A82369905C2B}"
EndProject
Project("{9A19103F-16F7-4668-BE54-9A1E7A4F7556}") = "Sprite.CoreDesktop", "CSharp\Sprite\Sprite.CoreDesktop.csproj", "{70D77B67-CC80-4764-84DB-87BCF5F154BC}"
EndProject
Project("{9A19103F-16F7-4668-BE54-9A1E7A4F7556}") = "SpriteSize.CoreDesktop", "CSharp\SpriteSize\SpriteSize.CoreDesktop.csproj", "{E2D8FA43-43EF-4F14-9C75-447304DB3C11}"
EndProject
Project("{9A19103F-16F7-4668-BE54-9A1E7A4F7556}") = "StopSong.CoreDesktop", "CSharp\StopSong\StopSong.CoreDesktop.csproj", "{81BC5B03-C669-4D95-A74B-B57C717DE239}"
EndProject
Project("{9A19103F-16F7-4668-BE54-9A1E7A4F7556}") = "StopSound.CoreDesktop", "CSharp\StopSound\StopSound.CoreDesktop.csproj", "{2B82759E-0A3E-4C75-9189-688E57F59DCF}"
EndProject
Project("{9A19103F-16F7-4668-BE54-9A1E7A4F7556}") = "Tile.CoreDesktop", "CSharp\Tile\Tile.CoreDesktop.csproj", "{66ED7E01-7208-4D58-8C7E-DD236B0556C6}"
EndProject
Project("{9A19103F-16F7-4668-BE54-9A1E7A4F7556}") = "TilemapSize.CoreDesktop", "CSharp\TilemapSize\TilemapSize.CoreDesktop.csproj", "{895DE8D8-5874-4791-A866-B528E4002D4E}"
EndProject
Project("{9A19103F-16F7-4668-BE54-9A1E7A4F7556}") = "TotalColors.CoreDesktop", "CSharp\TotalColors\TotalColors.CoreDesktop.csproj", "{4644E313-8821-4D22-87FF-C298CD670EC5}"
EndProject
Project("{9A19103F-16F7-4668-BE54-9A1E7A4F7556}") = "TotalSprites.CoreDesktop", "CSharp\TotalSprites\TotalSprites.CoreDesktop.csproj", "{3C5E4236-2016-4970-98A3-184FDAFEFDC5}"
EndProject
Project("{9A19103F-16F7-4668-BE54-9A1E7A4F7556}") = "UpdateTiles.CoreDesktop", "CSharp\UpdateTiles\UpdateTiles.CoreDesktop.csproj", "{36C94E17-96AD-4A6D-AE90-D7ECBE389FE5}"
EndProject
Project("{9A19103F-16F7-4668-BE54-9A1E7A4F7556}") = "WordWrap.CoreDesktop", "CSharp\WordWrap\WordWrap.CoreDesktop.csproj", "{4EAC60D3-1E69-4A56-8F96-5DBD675C54CF}"
EndProject
Project("{9A19103F-16F7-4668-BE54-9A1E7A4F7556}") = "WriteSaveData.CoreDesktop", "CSharp\WriteSaveData\WriteSaveData.CoreDesktop.csproj", "{69CD9BDF-D49B-43D1-A72B-91A0D58AD00B}"
EndProject
Project("{2150E333-8FDC-42A3-9474-1A3956D46DE8}") = "Examples", "Examples", "{A0F9EEBA-E47D-4F81-B59B-8A50065E056D}"
EndProject
Project("{2150E333-8FDC-42A3-9474-1A3956D46DE8}") = "Shared", "Shared", "{2C813AF4-CC13-432C-8C10-4A66BB24D7ED}"
EndProject
Project("{D954291E-2A0B-460D-934E-DC6B0785DB48}") = "SharedCode", "CSharp\SharedCode\SharedCode.shproj", "{2ED2AF9E-6BD3-4E98-BD09-475BC8F739EC}"
EndProject
Global
	GlobalSection(SharedMSBuildProjectFiles) = preSolution
		CSharp\SharedCode\SharedCode.projitems*{2ed2af9e-6bd3-4e98-bd09-475bc8f739ec}*SharedItemsImports = 13
	EndGlobalSection
	GlobalSection(SolutionConfigurationPlatforms) = preSolution
		Debug|Any CPU = Debug|Any CPU
		Debug|x64 = Debug|x64
		Debug|x86 = Debug|x86
		Release|Any CPU = Release|Any CPU
		Release|x64 = Release|x64
		Release|x86 = Release|x86
	EndGlobalSection
	GlobalSection(ProjectConfigurationPlatforms) = postSolution
		{917E5159-CF5A-4F33-AEE5-82DB145FFEBB}.Debug|Any CPU.ActiveCfg = Debug|Any CPU
		{917E5159-CF5A-4F33-AEE5-82DB145FFEBB}.Debug|Any CPU.Build.0 = Debug|Any CPU
		{917E5159-CF5A-4F33-AEE5-82DB145FFEBB}.Debug|x64.ActiveCfg = Debug|Any CPU
		{917E5159-CF5A-4F33-AEE5-82DB145FFEBB}.Debug|x64.Build.0 = Debug|Any CPU
		{917E5159-CF5A-4F33-AEE5-82DB145FFEBB}.Debug|x86.ActiveCfg = Debug|Any CPU
		{917E5159-CF5A-4F33-AEE5-82DB145FFEBB}.Debug|x86.Build.0 = Debug|Any CPU
		{917E5159-CF5A-4F33-AEE5-82DB145FFEBB}.Release|Any CPU.ActiveCfg = Release|Any CPU
		{917E5159-CF5A-4F33-AEE5-82DB145FFEBB}.Release|Any CPU.Build.0 = Release|Any CPU
		{917E5159-CF5A-4F33-AEE5-82DB145FFEBB}.Release|x64.ActiveCfg = Release|Any CPU
		{917E5159-CF5A-4F33-AEE5-82DB145FFEBB}.Release|x64.Build.0 = Release|Any CPU
		{917E5159-CF5A-4F33-AEE5-82DB145FFEBB}.Release|x86.ActiveCfg = Release|Any CPU
		{917E5159-CF5A-4F33-AEE5-82DB145FFEBB}.Release|x86.Build.0 = Release|Any CPU
		{D9CCA310-9DFD-4353-8F79-3C4BE5BEFB3E}.Debug|Any CPU.ActiveCfg = Debug|Any CPU
		{D9CCA310-9DFD-4353-8F79-3C4BE5BEFB3E}.Debug|Any CPU.Build.0 = Debug|Any CPU
		{D9CCA310-9DFD-4353-8F79-3C4BE5BEFB3E}.Debug|x64.ActiveCfg = Debug|Any CPU
		{D9CCA310-9DFD-4353-8F79-3C4BE5BEFB3E}.Debug|x64.Build.0 = Debug|Any CPU
		{D9CCA310-9DFD-4353-8F79-3C4BE5BEFB3E}.Debug|x86.ActiveCfg = Debug|Any CPU
		{D9CCA310-9DFD-4353-8F79-3C4BE5BEFB3E}.Debug|x86.Build.0 = Debug|Any CPU
		{D9CCA310-9DFD-4353-8F79-3C4BE5BEFB3E}.Release|Any CPU.ActiveCfg = Release|Any CPU
		{D9CCA310-9DFD-4353-8F79-3C4BE5BEFB3E}.Release|Any CPU.Build.0 = Release|Any CPU
		{D9CCA310-9DFD-4353-8F79-3C4BE5BEFB3E}.Release|x64.ActiveCfg = Release|Any CPU
		{D9CCA310-9DFD-4353-8F79-3C4BE5BEFB3E}.Release|x64.Build.0 = Release|Any CPU
		{D9CCA310-9DFD-4353-8F79-3C4BE5BEFB3E}.Release|x86.ActiveCfg = Release|Any CPU
		{D9CCA310-9DFD-4353-8F79-3C4BE5BEFB3E}.Release|x86.Build.0 = Release|Any CPU
		{5F84F77C-4B96-470E-B6E1-FEC39157DD2D}.Debug|Any CPU.ActiveCfg = Debug|Any CPU
		{5F84F77C-4B96-470E-B6E1-FEC39157DD2D}.Debug|Any CPU.Build.0 = Debug|Any CPU
		{5F84F77C-4B96-470E-B6E1-FEC39157DD2D}.Debug|x64.ActiveCfg = Debug|Any CPU
		{5F84F77C-4B96-470E-B6E1-FEC39157DD2D}.Debug|x64.Build.0 = Debug|Any CPU
		{5F84F77C-4B96-470E-B6E1-FEC39157DD2D}.Debug|x86.ActiveCfg = Debug|Any CPU
		{5F84F77C-4B96-470E-B6E1-FEC39157DD2D}.Debug|x86.Build.0 = Debug|Any CPU
		{5F84F77C-4B96-470E-B6E1-FEC39157DD2D}.Release|Any CPU.ActiveCfg = Release|Any CPU
		{5F84F77C-4B96-470E-B6E1-FEC39157DD2D}.Release|Any CPU.Build.0 = Release|Any CPU
		{5F84F77C-4B96-470E-B6E1-FEC39157DD2D}.Release|x64.ActiveCfg = Release|Any CPU
		{5F84F77C-4B96-470E-B6E1-FEC39157DD2D}.Release|x64.Build.0 = Release|Any CPU
		{5F84F77C-4B96-470E-B6E1-FEC39157DD2D}.Release|x86.ActiveCfg = Release|Any CPU
		{5F84F77C-4B96-470E-B6E1-FEC39157DD2D}.Release|x86.Build.0 = Release|Any CPU
		{4E6C91D7-7D3C-4B90-B3D6-3360C8E8C1D9}.Debug|Any CPU.ActiveCfg = Debug|Any CPU
		{4E6C91D7-7D3C-4B90-B3D6-3360C8E8C1D9}.Debug|Any CPU.Build.0 = Debug|Any CPU
		{4E6C91D7-7D3C-4B90-B3D6-3360C8E8C1D9}.Debug|x64.ActiveCfg = Debug|Any CPU
		{4E6C91D7-7D3C-4B90-B3D6-3360C8E8C1D9}.Debug|x64.Build.0 = Debug|Any CPU
		{4E6C91D7-7D3C-4B90-B3D6-3360C8E8C1D9}.Debug|x86.ActiveCfg = Debug|Any CPU
		{4E6C91D7-7D3C-4B90-B3D6-3360C8E8C1D9}.Debug|x86.Build.0 = Debug|Any CPU
		{4E6C91D7-7D3C-4B90-B3D6-3360C8E8C1D9}.Release|Any CPU.ActiveCfg = Release|Any CPU
		{4E6C91D7-7D3C-4B90-B3D6-3360C8E8C1D9}.Release|Any CPU.Build.0 = Release|Any CPU
		{4E6C91D7-7D3C-4B90-B3D6-3360C8E8C1D9}.Release|x64.ActiveCfg = Release|Any CPU
		{4E6C91D7-7D3C-4B90-B3D6-3360C8E8C1D9}.Release|x64.Build.0 = Release|Any CPU
		{4E6C91D7-7D3C-4B90-B3D6-3360C8E8C1D9}.Release|x86.ActiveCfg = Release|Any CPU
		{4E6C91D7-7D3C-4B90-B3D6-3360C8E8C1D9}.Release|x86.Build.0 = Release|Any CPU
		{60047ABC-4849-4F9C-80F9-42C9B367B375}.Debug|Any CPU.ActiveCfg = Debug|Any CPU
		{60047ABC-4849-4F9C-80F9-42C9B367B375}.Debug|Any CPU.Build.0 = Debug|Any CPU
		{60047ABC-4849-4F9C-80F9-42C9B367B375}.Debug|x64.ActiveCfg = Debug|Any CPU
		{60047ABC-4849-4F9C-80F9-42C9B367B375}.Debug|x64.Build.0 = Debug|Any CPU
		{60047ABC-4849-4F9C-80F9-42C9B367B375}.Debug|x86.ActiveCfg = Debug|Any CPU
		{60047ABC-4849-4F9C-80F9-42C9B367B375}.Debug|x86.Build.0 = Debug|Any CPU
		{60047ABC-4849-4F9C-80F9-42C9B367B375}.Release|Any CPU.ActiveCfg = Release|Any CPU
		{60047ABC-4849-4F9C-80F9-42C9B367B375}.Release|Any CPU.Build.0 = Release|Any CPU
		{60047ABC-4849-4F9C-80F9-42C9B367B375}.Release|x64.ActiveCfg = Release|Any CPU
		{60047ABC-4849-4F9C-80F9-42C9B367B375}.Release|x64.Build.0 = Release|Any CPU
		{60047ABC-4849-4F9C-80F9-42C9B367B375}.Release|x86.ActiveCfg = Release|Any CPU
		{60047ABC-4849-4F9C-80F9-42C9B367B375}.Release|x86.Build.0 = Release|Any CPU
		{D15C5136-38D7-4E07-A0AE-BC5631FD3F1C}.Debug|Any CPU.ActiveCfg = Debug|Any CPU
		{D15C5136-38D7-4E07-A0AE-BC5631FD3F1C}.Debug|Any CPU.Build.0 = Debug|Any CPU
		{D15C5136-38D7-4E07-A0AE-BC5631FD3F1C}.Debug|x64.ActiveCfg = Debug|Any CPU
		{D15C5136-38D7-4E07-A0AE-BC5631FD3F1C}.Debug|x64.Build.0 = Debug|Any CPU
		{D15C5136-38D7-4E07-A0AE-BC5631FD3F1C}.Debug|x86.ActiveCfg = Debug|Any CPU
		{D15C5136-38D7-4E07-A0AE-BC5631FD3F1C}.Debug|x86.Build.0 = Debug|Any CPU
		{D15C5136-38D7-4E07-A0AE-BC5631FD3F1C}.Release|Any CPU.ActiveCfg = Release|Any CPU
		{D15C5136-38D7-4E07-A0AE-BC5631FD3F1C}.Release|Any CPU.Build.0 = Release|Any CPU
		{D15C5136-38D7-4E07-A0AE-BC5631FD3F1C}.Release|x64.ActiveCfg = Release|Any CPU
		{D15C5136-38D7-4E07-A0AE-BC5631FD3F1C}.Release|x64.Build.0 = Release|Any CPU
		{D15C5136-38D7-4E07-A0AE-BC5631FD3F1C}.Release|x86.ActiveCfg = Release|Any CPU
		{D15C5136-38D7-4E07-A0AE-BC5631FD3F1C}.Release|x86.Build.0 = Release|Any CPU
		{370DAC7C-8C06-431C-9BEA-C30753F9FAC2}.Debug|Any CPU.ActiveCfg = Debug|Any CPU
		{370DAC7C-8C06-431C-9BEA-C30753F9FAC2}.Debug|Any CPU.Build.0 = Debug|Any CPU
		{370DAC7C-8C06-431C-9BEA-C30753F9FAC2}.Debug|x64.ActiveCfg = Debug|Any CPU
		{370DAC7C-8C06-431C-9BEA-C30753F9FAC2}.Debug|x64.Build.0 = Debug|Any CPU
		{370DAC7C-8C06-431C-9BEA-C30753F9FAC2}.Debug|x86.ActiveCfg = Debug|Any CPU
		{370DAC7C-8C06-431C-9BEA-C30753F9FAC2}.Debug|x86.Build.0 = Debug|Any CPU
		{370DAC7C-8C06-431C-9BEA-C30753F9FAC2}.Release|Any CPU.ActiveCfg = Release|Any CPU
		{370DAC7C-8C06-431C-9BEA-C30753F9FAC2}.Release|Any CPU.Build.0 = Release|Any CPU
		{370DAC7C-8C06-431C-9BEA-C30753F9FAC2}.Release|x64.ActiveCfg = Release|Any CPU
		{370DAC7C-8C06-431C-9BEA-C30753F9FAC2}.Release|x64.Build.0 = Release|Any CPU
		{370DAC7C-8C06-431C-9BEA-C30753F9FAC2}.Release|x86.ActiveCfg = Release|Any CPU
		{370DAC7C-8C06-431C-9BEA-C30753F9FAC2}.Release|x86.Build.0 = Release|Any CPU
		{D08C95FD-57AC-4758-BB1B-EC414F7E8CD1}.Debug|Any CPU.ActiveCfg = Debug|Any CPU
		{D08C95FD-57AC-4758-BB1B-EC414F7E8CD1}.Debug|Any CPU.Build.0 = Debug|Any CPU
		{D08C95FD-57AC-4758-BB1B-EC414F7E8CD1}.Debug|x64.ActiveCfg = Debug|Any CPU
		{D08C95FD-57AC-4758-BB1B-EC414F7E8CD1}.Debug|x64.Build.0 = Debug|Any CPU
		{D08C95FD-57AC-4758-BB1B-EC414F7E8CD1}.Debug|x86.ActiveCfg = Debug|Any CPU
		{D08C95FD-57AC-4758-BB1B-EC414F7E8CD1}.Debug|x86.Build.0 = Debug|Any CPU
		{D08C95FD-57AC-4758-BB1B-EC414F7E8CD1}.Release|Any CPU.ActiveCfg = Release|Any CPU
		{D08C95FD-57AC-4758-BB1B-EC414F7E8CD1}.Release|Any CPU.Build.0 = Release|Any CPU
		{D08C95FD-57AC-4758-BB1B-EC414F7E8CD1}.Release|x64.ActiveCfg = Release|Any CPU
		{D08C95FD-57AC-4758-BB1B-EC414F7E8CD1}.Release|x64.Build.0 = Release|Any CPU
		{D08C95FD-57AC-4758-BB1B-EC414F7E8CD1}.Release|x86.ActiveCfg = Release|Any CPU
		{D08C95FD-57AC-4758-BB1B-EC414F7E8CD1}.Release|x86.Build.0 = Release|Any CPU
		{2C0763D3-F45B-48AE-A2A2-B48D2CB2A23F}.Debug|Any CPU.ActiveCfg = Debug|Any CPU
		{2C0763D3-F45B-48AE-A2A2-B48D2CB2A23F}.Debug|Any CPU.Build.0 = Debug|Any CPU
		{2C0763D3-F45B-48AE-A2A2-B48D2CB2A23F}.Debug|x64.ActiveCfg = Debug|Any CPU
		{2C0763D3-F45B-48AE-A2A2-B48D2CB2A23F}.Debug|x64.Build.0 = Debug|Any CPU
		{2C0763D3-F45B-48AE-A2A2-B48D2CB2A23F}.Debug|x86.ActiveCfg = Debug|Any CPU
		{2C0763D3-F45B-48AE-A2A2-B48D2CB2A23F}.Debug|x86.Build.0 = Debug|Any CPU
		{2C0763D3-F45B-48AE-A2A2-B48D2CB2A23F}.Release|Any CPU.ActiveCfg = Release|Any CPU
		{2C0763D3-F45B-48AE-A2A2-B48D2CB2A23F}.Release|Any CPU.Build.0 = Release|Any CPU
		{2C0763D3-F45B-48AE-A2A2-B48D2CB2A23F}.Release|x64.ActiveCfg = Release|Any CPU
		{2C0763D3-F45B-48AE-A2A2-B48D2CB2A23F}.Release|x64.Build.0 = Release|Any CPU
		{2C0763D3-F45B-48AE-A2A2-B48D2CB2A23F}.Release|x86.ActiveCfg = Release|Any CPU
		{2C0763D3-F45B-48AE-A2A2-B48D2CB2A23F}.Release|x86.Build.0 = Release|Any CPU
		{9FED8D81-836F-4ABD-8D73-7110F21C56DD}.Debug|Any CPU.ActiveCfg = Debug|Any CPU
		{9FED8D81-836F-4ABD-8D73-7110F21C56DD}.Debug|Any CPU.Build.0 = Debug|Any CPU
		{9FED8D81-836F-4ABD-8D73-7110F21C56DD}.Debug|x64.ActiveCfg = Debug|Any CPU
		{9FED8D81-836F-4ABD-8D73-7110F21C56DD}.Debug|x64.Build.0 = Debug|Any CPU
		{9FED8D81-836F-4ABD-8D73-7110F21C56DD}.Debug|x86.ActiveCfg = Debug|Any CPU
		{9FED8D81-836F-4ABD-8D73-7110F21C56DD}.Debug|x86.Build.0 = Debug|Any CPU
		{9FED8D81-836F-4ABD-8D73-7110F21C56DD}.Release|Any CPU.ActiveCfg = Release|Any CPU
		{9FED8D81-836F-4ABD-8D73-7110F21C56DD}.Release|Any CPU.Build.0 = Release|Any CPU
		{9FED8D81-836F-4ABD-8D73-7110F21C56DD}.Release|x64.ActiveCfg = Release|Any CPU
		{9FED8D81-836F-4ABD-8D73-7110F21C56DD}.Release|x64.Build.0 = Release|Any CPU
		{9FED8D81-836F-4ABD-8D73-7110F21C56DD}.Release|x86.ActiveCfg = Release|Any CPU
		{9FED8D81-836F-4ABD-8D73-7110F21C56DD}.Release|x86.Build.0 = Release|Any CPU
		{4FAC8A03-4997-4AA5-92FD-EC3267D7C734}.Debug|Any CPU.ActiveCfg = Debug|Any CPU
		{4FAC8A03-4997-4AA5-92FD-EC3267D7C734}.Debug|Any CPU.Build.0 = Debug|Any CPU
		{4FAC8A03-4997-4AA5-92FD-EC3267D7C734}.Debug|x64.ActiveCfg = Debug|Any CPU
		{4FAC8A03-4997-4AA5-92FD-EC3267D7C734}.Debug|x64.Build.0 = Debug|Any CPU
		{4FAC8A03-4997-4AA5-92FD-EC3267D7C734}.Debug|x86.ActiveCfg = Debug|Any CPU
		{4FAC8A03-4997-4AA5-92FD-EC3267D7C734}.Debug|x86.Build.0 = Debug|Any CPU
		{4FAC8A03-4997-4AA5-92FD-EC3267D7C734}.Release|Any CPU.ActiveCfg = Release|Any CPU
		{4FAC8A03-4997-4AA5-92FD-EC3267D7C734}.Release|Any CPU.Build.0 = Release|Any CPU
		{4FAC8A03-4997-4AA5-92FD-EC3267D7C734}.Release|x64.ActiveCfg = Release|Any CPU
		{4FAC8A03-4997-4AA5-92FD-EC3267D7C734}.Release|x64.Build.0 = Release|Any CPU
		{4FAC8A03-4997-4AA5-92FD-EC3267D7C734}.Release|x86.ActiveCfg = Release|Any CPU
		{4FAC8A03-4997-4AA5-92FD-EC3267D7C734}.Release|x86.Build.0 = Release|Any CPU
		{5B2562A3-1B66-4AE0-8546-3A461C435614}.Debug|Any CPU.ActiveCfg = Debug|Any CPU
		{5B2562A3-1B66-4AE0-8546-3A461C435614}.Debug|Any CPU.Build.0 = Debug|Any CPU
		{5B2562A3-1B66-4AE0-8546-3A461C435614}.Debug|x64.ActiveCfg = Debug|Any CPU
		{5B2562A3-1B66-4AE0-8546-3A461C435614}.Debug|x64.Build.0 = Debug|Any CPU
		{5B2562A3-1B66-4AE0-8546-3A461C435614}.Debug|x86.ActiveCfg = Debug|Any CPU
		{5B2562A3-1B66-4AE0-8546-3A461C435614}.Debug|x86.Build.0 = Debug|Any CPU
		{5B2562A3-1B66-4AE0-8546-3A461C435614}.Release|Any CPU.ActiveCfg = Release|Any CPU
		{5B2562A3-1B66-4AE0-8546-3A461C435614}.Release|Any CPU.Build.0 = Release|Any CPU
		{5B2562A3-1B66-4AE0-8546-3A461C435614}.Release|x64.ActiveCfg = Release|Any CPU
		{5B2562A3-1B66-4AE0-8546-3A461C435614}.Release|x64.Build.0 = Release|Any CPU
		{5B2562A3-1B66-4AE0-8546-3A461C435614}.Release|x86.ActiveCfg = Release|Any CPU
		{5B2562A3-1B66-4AE0-8546-3A461C435614}.Release|x86.Build.0 = Release|Any CPU
		{FAD431C7-2A05-4B9F-B58D-D2827F6F71EA}.Debug|Any CPU.ActiveCfg = Debug|Any CPU
		{FAD431C7-2A05-4B9F-B58D-D2827F6F71EA}.Debug|Any CPU.Build.0 = Debug|Any CPU
		{FAD431C7-2A05-4B9F-B58D-D2827F6F71EA}.Debug|x64.ActiveCfg = Debug|Any CPU
		{FAD431C7-2A05-4B9F-B58D-D2827F6F71EA}.Debug|x64.Build.0 = Debug|Any CPU
		{FAD431C7-2A05-4B9F-B58D-D2827F6F71EA}.Debug|x86.ActiveCfg = Debug|Any CPU
		{FAD431C7-2A05-4B9F-B58D-D2827F6F71EA}.Debug|x86.Build.0 = Debug|Any CPU
		{FAD431C7-2A05-4B9F-B58D-D2827F6F71EA}.Release|Any CPU.ActiveCfg = Release|Any CPU
		{FAD431C7-2A05-4B9F-B58D-D2827F6F71EA}.Release|Any CPU.Build.0 = Release|Any CPU
		{FAD431C7-2A05-4B9F-B58D-D2827F6F71EA}.Release|x64.ActiveCfg = Release|Any CPU
		{FAD431C7-2A05-4B9F-B58D-D2827F6F71EA}.Release|x64.Build.0 = Release|Any CPU
		{FAD431C7-2A05-4B9F-B58D-D2827F6F71EA}.Release|x86.ActiveCfg = Release|Any CPU
		{FAD431C7-2A05-4B9F-B58D-D2827F6F71EA}.Release|x86.Build.0 = Release|Any CPU
		{A449E750-3E78-48B3-8A98-BE1CD2A8A76B}.Debug|Any CPU.ActiveCfg = Debug|Any CPU
		{A449E750-3E78-48B3-8A98-BE1CD2A8A76B}.Debug|Any CPU.Build.0 = Debug|Any CPU
		{A449E750-3E78-48B3-8A98-BE1CD2A8A76B}.Debug|x64.ActiveCfg = Debug|Any CPU
		{A449E750-3E78-48B3-8A98-BE1CD2A8A76B}.Debug|x64.Build.0 = Debug|Any CPU
		{A449E750-3E78-48B3-8A98-BE1CD2A8A76B}.Debug|x86.ActiveCfg = Debug|Any CPU
		{A449E750-3E78-48B3-8A98-BE1CD2A8A76B}.Debug|x86.Build.0 = Debug|Any CPU
		{A449E750-3E78-48B3-8A98-BE1CD2A8A76B}.Release|Any CPU.ActiveCfg = Release|Any CPU
		{A449E750-3E78-48B3-8A98-BE1CD2A8A76B}.Release|Any CPU.Build.0 = Release|Any CPU
		{A449E750-3E78-48B3-8A98-BE1CD2A8A76B}.Release|x64.ActiveCfg = Release|Any CPU
		{A449E750-3E78-48B3-8A98-BE1CD2A8A76B}.Release|x64.Build.0 = Release|Any CPU
		{A449E750-3E78-48B3-8A98-BE1CD2A8A76B}.Release|x86.ActiveCfg = Release|Any CPU
		{A449E750-3E78-48B3-8A98-BE1CD2A8A76B}.Release|x86.Build.0 = Release|Any CPU
		{26BFC477-59A6-4715-83EC-9235D9DA3FE8}.Debug|Any CPU.ActiveCfg = Debug|Any CPU
		{26BFC477-59A6-4715-83EC-9235D9DA3FE8}.Debug|Any CPU.Build.0 = Debug|Any CPU
		{26BFC477-59A6-4715-83EC-9235D9DA3FE8}.Debug|x64.ActiveCfg = Debug|Any CPU
		{26BFC477-59A6-4715-83EC-9235D9DA3FE8}.Debug|x64.Build.0 = Debug|Any CPU
		{26BFC477-59A6-4715-83EC-9235D9DA3FE8}.Debug|x86.ActiveCfg = Debug|Any CPU
		{26BFC477-59A6-4715-83EC-9235D9DA3FE8}.Debug|x86.Build.0 = Debug|Any CPU
		{26BFC477-59A6-4715-83EC-9235D9DA3FE8}.Release|Any CPU.ActiveCfg = Release|Any CPU
		{26BFC477-59A6-4715-83EC-9235D9DA3FE8}.Release|Any CPU.Build.0 = Release|Any CPU
		{26BFC477-59A6-4715-83EC-9235D9DA3FE8}.Release|x64.ActiveCfg = Release|Any CPU
		{26BFC477-59A6-4715-83EC-9235D9DA3FE8}.Release|x64.Build.0 = Release|Any CPU
		{26BFC477-59A6-4715-83EC-9235D9DA3FE8}.Release|x86.ActiveCfg = Release|Any CPU
		{26BFC477-59A6-4715-83EC-9235D9DA3FE8}.Release|x86.Build.0 = Release|Any CPU
		{0AEC6B89-1155-46B1-BB5D-93C4A2CB96FC}.Debug|Any CPU.ActiveCfg = Debug|Any CPU
		{0AEC6B89-1155-46B1-BB5D-93C4A2CB96FC}.Debug|Any CPU.Build.0 = Debug|Any CPU
		{0AEC6B89-1155-46B1-BB5D-93C4A2CB96FC}.Debug|x64.ActiveCfg = Debug|Any CPU
		{0AEC6B89-1155-46B1-BB5D-93C4A2CB96FC}.Debug|x64.Build.0 = Debug|Any CPU
		{0AEC6B89-1155-46B1-BB5D-93C4A2CB96FC}.Debug|x86.ActiveCfg = Debug|Any CPU
		{0AEC6B89-1155-46B1-BB5D-93C4A2CB96FC}.Debug|x86.Build.0 = Debug|Any CPU
		{0AEC6B89-1155-46B1-BB5D-93C4A2CB96FC}.Release|Any CPU.ActiveCfg = Release|Any CPU
		{0AEC6B89-1155-46B1-BB5D-93C4A2CB96FC}.Release|Any CPU.Build.0 = Release|Any CPU
		{0AEC6B89-1155-46B1-BB5D-93C4A2CB96FC}.Release|x64.ActiveCfg = Release|Any CPU
		{0AEC6B89-1155-46B1-BB5D-93C4A2CB96FC}.Release|x64.Build.0 = Release|Any CPU
		{0AEC6B89-1155-46B1-BB5D-93C4A2CB96FC}.Release|x86.ActiveCfg = Release|Any CPU
		{0AEC6B89-1155-46B1-BB5D-93C4A2CB96FC}.Release|x86.Build.0 = Release|Any CPU
		{7496C9C4-BBC2-46A0-A26A-5E4F45F6D94A}.Debug|Any CPU.ActiveCfg = Debug|Any CPU
		{7496C9C4-BBC2-46A0-A26A-5E4F45F6D94A}.Debug|Any CPU.Build.0 = Debug|Any CPU
		{7496C9C4-BBC2-46A0-A26A-5E4F45F6D94A}.Debug|x64.ActiveCfg = Debug|Any CPU
		{7496C9C4-BBC2-46A0-A26A-5E4F45F6D94A}.Debug|x64.Build.0 = Debug|Any CPU
		{7496C9C4-BBC2-46A0-A26A-5E4F45F6D94A}.Debug|x86.ActiveCfg = Debug|Any CPU
		{7496C9C4-BBC2-46A0-A26A-5E4F45F6D94A}.Debug|x86.Build.0 = Debug|Any CPU
		{7496C9C4-BBC2-46A0-A26A-5E4F45F6D94A}.Release|Any CPU.ActiveCfg = Release|Any CPU
		{7496C9C4-BBC2-46A0-A26A-5E4F45F6D94A}.Release|Any CPU.Build.0 = Release|Any CPU
		{7496C9C4-BBC2-46A0-A26A-5E4F45F6D94A}.Release|x64.ActiveCfg = Release|Any CPU
		{7496C9C4-BBC2-46A0-A26A-5E4F45F6D94A}.Release|x64.Build.0 = Release|Any CPU
		{7496C9C4-BBC2-46A0-A26A-5E4F45F6D94A}.Release|x86.ActiveCfg = Release|Any CPU
		{7496C9C4-BBC2-46A0-A26A-5E4F45F6D94A}.Release|x86.Build.0 = Release|Any CPU
		{6FEBF854-5515-4D61-BDD8-2614820DF041}.Debug|Any CPU.ActiveCfg = Debug|Any CPU
		{6FEBF854-5515-4D61-BDD8-2614820DF041}.Debug|Any CPU.Build.0 = Debug|Any CPU
		{6FEBF854-5515-4D61-BDD8-2614820DF041}.Debug|x64.ActiveCfg = Debug|Any CPU
		{6FEBF854-5515-4D61-BDD8-2614820DF041}.Debug|x64.Build.0 = Debug|Any CPU
		{6FEBF854-5515-4D61-BDD8-2614820DF041}.Debug|x86.ActiveCfg = Debug|Any CPU
		{6FEBF854-5515-4D61-BDD8-2614820DF041}.Debug|x86.Build.0 = Debug|Any CPU
		{6FEBF854-5515-4D61-BDD8-2614820DF041}.Release|Any CPU.ActiveCfg = Release|Any CPU
		{6FEBF854-5515-4D61-BDD8-2614820DF041}.Release|Any CPU.Build.0 = Release|Any CPU
		{6FEBF854-5515-4D61-BDD8-2614820DF041}.Release|x64.ActiveCfg = Release|Any CPU
		{6FEBF854-5515-4D61-BDD8-2614820DF041}.Release|x64.Build.0 = Release|Any CPU
		{6FEBF854-5515-4D61-BDD8-2614820DF041}.Release|x86.ActiveCfg = Release|Any CPU
		{6FEBF854-5515-4D61-BDD8-2614820DF041}.Release|x86.Build.0 = Release|Any CPU
		{3EC9E0D0-C7F6-4434-A8B9-9D82C5C57950}.Debug|Any CPU.ActiveCfg = Debug|Any CPU
		{3EC9E0D0-C7F6-4434-A8B9-9D82C5C57950}.Debug|Any CPU.Build.0 = Debug|Any CPU
		{3EC9E0D0-C7F6-4434-A8B9-9D82C5C57950}.Debug|x64.ActiveCfg = Debug|Any CPU
		{3EC9E0D0-C7F6-4434-A8B9-9D82C5C57950}.Debug|x64.Build.0 = Debug|Any CPU
		{3EC9E0D0-C7F6-4434-A8B9-9D82C5C57950}.Debug|x86.ActiveCfg = Debug|Any CPU
		{3EC9E0D0-C7F6-4434-A8B9-9D82C5C57950}.Debug|x86.Build.0 = Debug|Any CPU
		{3EC9E0D0-C7F6-4434-A8B9-9D82C5C57950}.Release|Any CPU.ActiveCfg = Release|Any CPU
		{3EC9E0D0-C7F6-4434-A8B9-9D82C5C57950}.Release|Any CPU.Build.0 = Release|Any CPU
		{3EC9E0D0-C7F6-4434-A8B9-9D82C5C57950}.Release|x64.ActiveCfg = Release|Any CPU
		{3EC9E0D0-C7F6-4434-A8B9-9D82C5C57950}.Release|x64.Build.0 = Release|Any CPU
		{3EC9E0D0-C7F6-4434-A8B9-9D82C5C57950}.Release|x86.ActiveCfg = Release|Any CPU
		{3EC9E0D0-C7F6-4434-A8B9-9D82C5C57950}.Release|x86.Build.0 = Release|Any CPU
		{87267F49-C336-45A2-9A2F-65F89A0FDBE3}.Debug|Any CPU.ActiveCfg = Debug|Any CPU
		{87267F49-C336-45A2-9A2F-65F89A0FDBE3}.Debug|Any CPU.Build.0 = Debug|Any CPU
		{87267F49-C336-45A2-9A2F-65F89A0FDBE3}.Debug|x64.ActiveCfg = Debug|Any CPU
		{87267F49-C336-45A2-9A2F-65F89A0FDBE3}.Debug|x64.Build.0 = Debug|Any CPU
		{87267F49-C336-45A2-9A2F-65F89A0FDBE3}.Debug|x86.ActiveCfg = Debug|Any CPU
		{87267F49-C336-45A2-9A2F-65F89A0FDBE3}.Debug|x86.Build.0 = Debug|Any CPU
		{87267F49-C336-45A2-9A2F-65F89A0FDBE3}.Release|Any CPU.ActiveCfg = Release|Any CPU
		{87267F49-C336-45A2-9A2F-65F89A0FDBE3}.Release|Any CPU.Build.0 = Release|Any CPU
		{87267F49-C336-45A2-9A2F-65F89A0FDBE3}.Release|x64.ActiveCfg = Release|Any CPU
		{87267F49-C336-45A2-9A2F-65F89A0FDBE3}.Release|x64.Build.0 = Release|Any CPU
		{87267F49-C336-45A2-9A2F-65F89A0FDBE3}.Release|x86.ActiveCfg = Release|Any CPU
		{87267F49-C336-45A2-9A2F-65F89A0FDBE3}.Release|x86.Build.0 = Release|Any CPU
		{B9779451-AF56-462B-BCD7-7A9DA3B03F7A}.Debug|Any CPU.ActiveCfg = Debug|Any CPU
		{B9779451-AF56-462B-BCD7-7A9DA3B03F7A}.Debug|Any CPU.Build.0 = Debug|Any CPU
		{B9779451-AF56-462B-BCD7-7A9DA3B03F7A}.Debug|x64.ActiveCfg = Debug|Any CPU
		{B9779451-AF56-462B-BCD7-7A9DA3B03F7A}.Debug|x64.Build.0 = Debug|Any CPU
		{B9779451-AF56-462B-BCD7-7A9DA3B03F7A}.Debug|x86.ActiveCfg = Debug|Any CPU
		{B9779451-AF56-462B-BCD7-7A9DA3B03F7A}.Debug|x86.Build.0 = Debug|Any CPU
		{B9779451-AF56-462B-BCD7-7A9DA3B03F7A}.Release|Any CPU.ActiveCfg = Release|Any CPU
		{B9779451-AF56-462B-BCD7-7A9DA3B03F7A}.Release|Any CPU.Build.0 = Release|Any CPU
		{B9779451-AF56-462B-BCD7-7A9DA3B03F7A}.Release|x64.ActiveCfg = Release|Any CPU
		{B9779451-AF56-462B-BCD7-7A9DA3B03F7A}.Release|x64.Build.0 = Release|Any CPU
		{B9779451-AF56-462B-BCD7-7A9DA3B03F7A}.Release|x86.ActiveCfg = Release|Any CPU
		{B9779451-AF56-462B-BCD7-7A9DA3B03F7A}.Release|x86.Build.0 = Release|Any CPU
		{677F38BF-761C-46D1-9516-5E6381F039B5}.Debug|Any CPU.ActiveCfg = Debug|Any CPU
		{677F38BF-761C-46D1-9516-5E6381F039B5}.Debug|Any CPU.Build.0 = Debug|Any CPU
		{677F38BF-761C-46D1-9516-5E6381F039B5}.Debug|x64.ActiveCfg = Debug|Any CPU
		{677F38BF-761C-46D1-9516-5E6381F039B5}.Debug|x64.Build.0 = Debug|Any CPU
		{677F38BF-761C-46D1-9516-5E6381F039B5}.Debug|x86.ActiveCfg = Debug|Any CPU
		{677F38BF-761C-46D1-9516-5E6381F039B5}.Debug|x86.Build.0 = Debug|Any CPU
		{677F38BF-761C-46D1-9516-5E6381F039B5}.Release|Any CPU.ActiveCfg = Release|Any CPU
		{677F38BF-761C-46D1-9516-5E6381F039B5}.Release|Any CPU.Build.0 = Release|Any CPU
		{677F38BF-761C-46D1-9516-5E6381F039B5}.Release|x64.ActiveCfg = Release|Any CPU
		{677F38BF-761C-46D1-9516-5E6381F039B5}.Release|x64.Build.0 = Release|Any CPU
		{677F38BF-761C-46D1-9516-5E6381F039B5}.Release|x86.ActiveCfg = Release|Any CPU
		{677F38BF-761C-46D1-9516-5E6381F039B5}.Release|x86.Build.0 = Release|Any CPU
		{A8A7E7C1-3854-4F1D-B9EC-B39464F4B45A}.Debug|Any CPU.ActiveCfg = Debug|Any CPU
		{A8A7E7C1-3854-4F1D-B9EC-B39464F4B45A}.Debug|Any CPU.Build.0 = Debug|Any CPU
		{A8A7E7C1-3854-4F1D-B9EC-B39464F4B45A}.Debug|x64.ActiveCfg = Debug|Any CPU
		{A8A7E7C1-3854-4F1D-B9EC-B39464F4B45A}.Debug|x64.Build.0 = Debug|Any CPU
		{A8A7E7C1-3854-4F1D-B9EC-B39464F4B45A}.Debug|x86.ActiveCfg = Debug|Any CPU
		{A8A7E7C1-3854-4F1D-B9EC-B39464F4B45A}.Debug|x86.Build.0 = Debug|Any CPU
		{A8A7E7C1-3854-4F1D-B9EC-B39464F4B45A}.Release|Any CPU.ActiveCfg = Release|Any CPU
		{A8A7E7C1-3854-4F1D-B9EC-B39464F4B45A}.Release|Any CPU.Build.0 = Release|Any CPU
		{A8A7E7C1-3854-4F1D-B9EC-B39464F4B45A}.Release|x64.ActiveCfg = Release|Any CPU
		{A8A7E7C1-3854-4F1D-B9EC-B39464F4B45A}.Release|x64.Build.0 = Release|Any CPU
		{A8A7E7C1-3854-4F1D-B9EC-B39464F4B45A}.Release|x86.ActiveCfg = Release|Any CPU
		{A8A7E7C1-3854-4F1D-B9EC-B39464F4B45A}.Release|x86.Build.0 = Release|Any CPU
		{2D0FE3E7-6BF4-4E1F-93A2-25AA3598BEE7}.Debug|Any CPU.ActiveCfg = Debug|Any CPU
		{2D0FE3E7-6BF4-4E1F-93A2-25AA3598BEE7}.Debug|Any CPU.Build.0 = Debug|Any CPU
		{2D0FE3E7-6BF4-4E1F-93A2-25AA3598BEE7}.Debug|x64.ActiveCfg = Debug|Any CPU
		{2D0FE3E7-6BF4-4E1F-93A2-25AA3598BEE7}.Debug|x64.Build.0 = Debug|Any CPU
		{2D0FE3E7-6BF4-4E1F-93A2-25AA3598BEE7}.Debug|x86.ActiveCfg = Debug|Any CPU
		{2D0FE3E7-6BF4-4E1F-93A2-25AA3598BEE7}.Debug|x86.Build.0 = Debug|Any CPU
		{2D0FE3E7-6BF4-4E1F-93A2-25AA3598BEE7}.Release|Any CPU.ActiveCfg = Release|Any CPU
		{2D0FE3E7-6BF4-4E1F-93A2-25AA3598BEE7}.Release|Any CPU.Build.0 = Release|Any CPU
		{2D0FE3E7-6BF4-4E1F-93A2-25AA3598BEE7}.Release|x64.ActiveCfg = Release|Any CPU
		{2D0FE3E7-6BF4-4E1F-93A2-25AA3598BEE7}.Release|x64.Build.0 = Release|Any CPU
		{2D0FE3E7-6BF4-4E1F-93A2-25AA3598BEE7}.Release|x86.ActiveCfg = Release|Any CPU
		{2D0FE3E7-6BF4-4E1F-93A2-25AA3598BEE7}.Release|x86.Build.0 = Release|Any CPU
		{20A64DE9-8008-4537-B5CB-B638AD6FC5B3}.Debug|Any CPU.ActiveCfg = Debug|Any CPU
		{20A64DE9-8008-4537-B5CB-B638AD6FC5B3}.Debug|Any CPU.Build.0 = Debug|Any CPU
		{20A64DE9-8008-4537-B5CB-B638AD6FC5B3}.Debug|x64.ActiveCfg = Debug|Any CPU
		{20A64DE9-8008-4537-B5CB-B638AD6FC5B3}.Debug|x64.Build.0 = Debug|Any CPU
		{20A64DE9-8008-4537-B5CB-B638AD6FC5B3}.Debug|x86.ActiveCfg = Debug|Any CPU
		{20A64DE9-8008-4537-B5CB-B638AD6FC5B3}.Debug|x86.Build.0 = Debug|Any CPU
		{20A64DE9-8008-4537-B5CB-B638AD6FC5B3}.Release|Any CPU.ActiveCfg = Release|Any CPU
		{20A64DE9-8008-4537-B5CB-B638AD6FC5B3}.Release|Any CPU.Build.0 = Release|Any CPU
		{20A64DE9-8008-4537-B5CB-B638AD6FC5B3}.Release|x64.ActiveCfg = Release|Any CPU
		{20A64DE9-8008-4537-B5CB-B638AD6FC5B3}.Release|x64.Build.0 = Release|Any CPU
		{20A64DE9-8008-4537-B5CB-B638AD6FC5B3}.Release|x86.ActiveCfg = Release|Any CPU
		{20A64DE9-8008-4537-B5CB-B638AD6FC5B3}.Release|x86.Build.0 = Release|Any CPU
		{E8BCE520-AA5E-493B-8318-1A4999D4B359}.Debug|Any CPU.ActiveCfg = Debug|Any CPU
		{E8BCE520-AA5E-493B-8318-1A4999D4B359}.Debug|Any CPU.Build.0 = Debug|Any CPU
		{E8BCE520-AA5E-493B-8318-1A4999D4B359}.Debug|x64.ActiveCfg = Debug|Any CPU
		{E8BCE520-AA5E-493B-8318-1A4999D4B359}.Debug|x64.Build.0 = Debug|Any CPU
		{E8BCE520-AA5E-493B-8318-1A4999D4B359}.Debug|x86.ActiveCfg = Debug|Any CPU
		{E8BCE520-AA5E-493B-8318-1A4999D4B359}.Debug|x86.Build.0 = Debug|Any CPU
		{E8BCE520-AA5E-493B-8318-1A4999D4B359}.Release|Any CPU.ActiveCfg = Release|Any CPU
		{E8BCE520-AA5E-493B-8318-1A4999D4B359}.Release|Any CPU.Build.0 = Release|Any CPU
		{E8BCE520-AA5E-493B-8318-1A4999D4B359}.Release|x64.ActiveCfg = Release|Any CPU
		{E8BCE520-AA5E-493B-8318-1A4999D4B359}.Release|x64.Build.0 = Release|Any CPU
		{E8BCE520-AA5E-493B-8318-1A4999D4B359}.Release|x86.ActiveCfg = Release|Any CPU
		{E8BCE520-AA5E-493B-8318-1A4999D4B359}.Release|x86.Build.0 = Release|Any CPU
		{5ACA0296-35E2-4FA2-95A8-C1EF521D14E1}.Debug|Any CPU.ActiveCfg = Debug|Any CPU
		{5ACA0296-35E2-4FA2-95A8-C1EF521D14E1}.Debug|Any CPU.Build.0 = Debug|Any CPU
		{5ACA0296-35E2-4FA2-95A8-C1EF521D14E1}.Debug|x64.ActiveCfg = Debug|Any CPU
		{5ACA0296-35E2-4FA2-95A8-C1EF521D14E1}.Debug|x64.Build.0 = Debug|Any CPU
		{5ACA0296-35E2-4FA2-95A8-C1EF521D14E1}.Debug|x86.ActiveCfg = Debug|Any CPU
		{5ACA0296-35E2-4FA2-95A8-C1EF521D14E1}.Debug|x86.Build.0 = Debug|Any CPU
		{5ACA0296-35E2-4FA2-95A8-C1EF521D14E1}.Release|Any CPU.ActiveCfg = Release|Any CPU
		{5ACA0296-35E2-4FA2-95A8-C1EF521D14E1}.Release|Any CPU.Build.0 = Release|Any CPU
		{5ACA0296-35E2-4FA2-95A8-C1EF521D14E1}.Release|x64.ActiveCfg = Release|Any CPU
		{5ACA0296-35E2-4FA2-95A8-C1EF521D14E1}.Release|x64.Build.0 = Release|Any CPU
		{5ACA0296-35E2-4FA2-95A8-C1EF521D14E1}.Release|x86.ActiveCfg = Release|Any CPU
		{5ACA0296-35E2-4FA2-95A8-C1EF521D14E1}.Release|x86.Build.0 = Release|Any CPU
		{54933328-668F-42F6-A428-BEAE9004EA51}.Debug|Any CPU.ActiveCfg = Debug|Any CPU
		{54933328-668F-42F6-A428-BEAE9004EA51}.Debug|Any CPU.Build.0 = Debug|Any CPU
		{54933328-668F-42F6-A428-BEAE9004EA51}.Debug|x64.ActiveCfg = Debug|Any CPU
		{54933328-668F-42F6-A428-BEAE9004EA51}.Debug|x64.Build.0 = Debug|Any CPU
		{54933328-668F-42F6-A428-BEAE9004EA51}.Debug|x86.ActiveCfg = Debug|Any CPU
		{54933328-668F-42F6-A428-BEAE9004EA51}.Debug|x86.Build.0 = Debug|Any CPU
		{54933328-668F-42F6-A428-BEAE9004EA51}.Release|Any CPU.ActiveCfg = Release|Any CPU
		{54933328-668F-42F6-A428-BEAE9004EA51}.Release|Any CPU.Build.0 = Release|Any CPU
		{54933328-668F-42F6-A428-BEAE9004EA51}.Release|x64.ActiveCfg = Release|Any CPU
		{54933328-668F-42F6-A428-BEAE9004EA51}.Release|x64.Build.0 = Release|Any CPU
		{54933328-668F-42F6-A428-BEAE9004EA51}.Release|x86.ActiveCfg = Release|Any CPU
		{54933328-668F-42F6-A428-BEAE9004EA51}.Release|x86.Build.0 = Release|Any CPU
		{6DAFAB9F-F44D-4D8B-A952-721795059EE6}.Debug|Any CPU.ActiveCfg = Debug|Any CPU
		{6DAFAB9F-F44D-4D8B-A952-721795059EE6}.Debug|Any CPU.Build.0 = Debug|Any CPU
		{6DAFAB9F-F44D-4D8B-A952-721795059EE6}.Debug|x64.ActiveCfg = Debug|Any CPU
		{6DAFAB9F-F44D-4D8B-A952-721795059EE6}.Debug|x64.Build.0 = Debug|Any CPU
		{6DAFAB9F-F44D-4D8B-A952-721795059EE6}.Debug|x86.ActiveCfg = Debug|Any CPU
		{6DAFAB9F-F44D-4D8B-A952-721795059EE6}.Debug|x86.Build.0 = Debug|Any CPU
		{6DAFAB9F-F44D-4D8B-A952-721795059EE6}.Release|Any CPU.ActiveCfg = Release|Any CPU
		{6DAFAB9F-F44D-4D8B-A952-721795059EE6}.Release|Any CPU.Build.0 = Release|Any CPU
		{6DAFAB9F-F44D-4D8B-A952-721795059EE6}.Release|x64.ActiveCfg = Release|Any CPU
		{6DAFAB9F-F44D-4D8B-A952-721795059EE6}.Release|x64.Build.0 = Release|Any CPU
		{6DAFAB9F-F44D-4D8B-A952-721795059EE6}.Release|x86.ActiveCfg = Release|Any CPU
		{6DAFAB9F-F44D-4D8B-A952-721795059EE6}.Release|x86.Build.0 = Release|Any CPU
		{189FBCB8-AA32-4A16-B50A-0C1CF8BDEC61}.Debug|Any CPU.ActiveCfg = Debug|Any CPU
		{189FBCB8-AA32-4A16-B50A-0C1CF8BDEC61}.Debug|Any CPU.Build.0 = Debug|Any CPU
		{189FBCB8-AA32-4A16-B50A-0C1CF8BDEC61}.Debug|x64.ActiveCfg = Debug|Any CPU
		{189FBCB8-AA32-4A16-B50A-0C1CF8BDEC61}.Debug|x64.Build.0 = Debug|Any CPU
		{189FBCB8-AA32-4A16-B50A-0C1CF8BDEC61}.Debug|x86.ActiveCfg = Debug|Any CPU
		{189FBCB8-AA32-4A16-B50A-0C1CF8BDEC61}.Debug|x86.Build.0 = Debug|Any CPU
		{189FBCB8-AA32-4A16-B50A-0C1CF8BDEC61}.Release|Any CPU.ActiveCfg = Release|Any CPU
		{189FBCB8-AA32-4A16-B50A-0C1CF8BDEC61}.Release|Any CPU.Build.0 = Release|Any CPU
		{189FBCB8-AA32-4A16-B50A-0C1CF8BDEC61}.Release|x64.ActiveCfg = Release|Any CPU
		{189FBCB8-AA32-4A16-B50A-0C1CF8BDEC61}.Release|x64.Build.0 = Release|Any CPU
		{189FBCB8-AA32-4A16-B50A-0C1CF8BDEC61}.Release|x86.ActiveCfg = Release|Any CPU
		{189FBCB8-AA32-4A16-B50A-0C1CF8BDEC61}.Release|x86.Build.0 = Release|Any CPU
		{AEE90D88-4F59-4E91-BB4E-2FF48C5E1053}.Debug|Any CPU.ActiveCfg = Debug|Any CPU
		{AEE90D88-4F59-4E91-BB4E-2FF48C5E1053}.Debug|Any CPU.Build.0 = Debug|Any CPU
		{AEE90D88-4F59-4E91-BB4E-2FF48C5E1053}.Debug|x64.ActiveCfg = Debug|Any CPU
		{AEE90D88-4F59-4E91-BB4E-2FF48C5E1053}.Debug|x64.Build.0 = Debug|Any CPU
		{AEE90D88-4F59-4E91-BB4E-2FF48C5E1053}.Debug|x86.ActiveCfg = Debug|Any CPU
		{AEE90D88-4F59-4E91-BB4E-2FF48C5E1053}.Debug|x86.Build.0 = Debug|Any CPU
		{AEE90D88-4F59-4E91-BB4E-2FF48C5E1053}.Release|Any CPU.ActiveCfg = Release|Any CPU
		{AEE90D88-4F59-4E91-BB4E-2FF48C5E1053}.Release|Any CPU.Build.0 = Release|Any CPU
		{AEE90D88-4F59-4E91-BB4E-2FF48C5E1053}.Release|x64.ActiveCfg = Release|Any CPU
		{AEE90D88-4F59-4E91-BB4E-2FF48C5E1053}.Release|x64.Build.0 = Release|Any CPU
		{AEE90D88-4F59-4E91-BB4E-2FF48C5E1053}.Release|x86.ActiveCfg = Release|Any CPU
		{AEE90D88-4F59-4E91-BB4E-2FF48C5E1053}.Release|x86.Build.0 = Release|Any CPU
		{AAA887D4-A574-4EF0-BFB5-CDE65E1A43DA}.Debug|Any CPU.ActiveCfg = Debug|Any CPU
		{AAA887D4-A574-4EF0-BFB5-CDE65E1A43DA}.Debug|Any CPU.Build.0 = Debug|Any CPU
		{AAA887D4-A574-4EF0-BFB5-CDE65E1A43DA}.Debug|x64.ActiveCfg = Debug|Any CPU
		{AAA887D4-A574-4EF0-BFB5-CDE65E1A43DA}.Debug|x64.Build.0 = Debug|Any CPU
		{AAA887D4-A574-4EF0-BFB5-CDE65E1A43DA}.Debug|x86.ActiveCfg = Debug|Any CPU
		{AAA887D4-A574-4EF0-BFB5-CDE65E1A43DA}.Debug|x86.Build.0 = Debug|Any CPU
		{AAA887D4-A574-4EF0-BFB5-CDE65E1A43DA}.Release|Any CPU.ActiveCfg = Release|Any CPU
		{AAA887D4-A574-4EF0-BFB5-CDE65E1A43DA}.Release|Any CPU.Build.0 = Release|Any CPU
		{AAA887D4-A574-4EF0-BFB5-CDE65E1A43DA}.Release|x64.ActiveCfg = Release|Any CPU
		{AAA887D4-A574-4EF0-BFB5-CDE65E1A43DA}.Release|x64.Build.0 = Release|Any CPU
		{AAA887D4-A574-4EF0-BFB5-CDE65E1A43DA}.Release|x86.ActiveCfg = Release|Any CPU
		{AAA887D4-A574-4EF0-BFB5-CDE65E1A43DA}.Release|x86.Build.0 = Release|Any CPU
		{3E6DE2E4-2F2F-4F34-B81E-A22A6FD51587}.Debug|Any CPU.ActiveCfg = Debug|Any CPU
		{3E6DE2E4-2F2F-4F34-B81E-A22A6FD51587}.Debug|Any CPU.Build.0 = Debug|Any CPU
		{3E6DE2E4-2F2F-4F34-B81E-A22A6FD51587}.Debug|x64.ActiveCfg = Debug|Any CPU
		{3E6DE2E4-2F2F-4F34-B81E-A22A6FD51587}.Debug|x64.Build.0 = Debug|Any CPU
		{3E6DE2E4-2F2F-4F34-B81E-A22A6FD51587}.Debug|x86.ActiveCfg = Debug|Any CPU
		{3E6DE2E4-2F2F-4F34-B81E-A22A6FD51587}.Debug|x86.Build.0 = Debug|Any CPU
		{3E6DE2E4-2F2F-4F34-B81E-A22A6FD51587}.Release|Any CPU.ActiveCfg = Release|Any CPU
		{3E6DE2E4-2F2F-4F34-B81E-A22A6FD51587}.Release|Any CPU.Build.0 = Release|Any CPU
		{3E6DE2E4-2F2F-4F34-B81E-A22A6FD51587}.Release|x64.ActiveCfg = Release|Any CPU
		{3E6DE2E4-2F2F-4F34-B81E-A22A6FD51587}.Release|x64.Build.0 = Release|Any CPU
		{3E6DE2E4-2F2F-4F34-B81E-A22A6FD51587}.Release|x86.ActiveCfg = Release|Any CPU
		{3E6DE2E4-2F2F-4F34-B81E-A22A6FD51587}.Release|x86.Build.0 = Release|Any CPU
		{40188D18-ECBE-4257-86A2-2452F9624948}.Debug|Any CPU.ActiveCfg = Debug|Any CPU
		{40188D18-ECBE-4257-86A2-2452F9624948}.Debug|Any CPU.Build.0 = Debug|Any CPU
		{40188D18-ECBE-4257-86A2-2452F9624948}.Debug|x64.ActiveCfg = Debug|Any CPU
		{40188D18-ECBE-4257-86A2-2452F9624948}.Debug|x64.Build.0 = Debug|Any CPU
		{40188D18-ECBE-4257-86A2-2452F9624948}.Debug|x86.ActiveCfg = Debug|Any CPU
		{40188D18-ECBE-4257-86A2-2452F9624948}.Debug|x86.Build.0 = Debug|Any CPU
		{40188D18-ECBE-4257-86A2-2452F9624948}.Release|Any CPU.ActiveCfg = Release|Any CPU
		{40188D18-ECBE-4257-86A2-2452F9624948}.Release|Any CPU.Build.0 = Release|Any CPU
		{40188D18-ECBE-4257-86A2-2452F9624948}.Release|x64.ActiveCfg = Release|Any CPU
		{40188D18-ECBE-4257-86A2-2452F9624948}.Release|x64.Build.0 = Release|Any CPU
		{40188D18-ECBE-4257-86A2-2452F9624948}.Release|x86.ActiveCfg = Release|Any CPU
		{40188D18-ECBE-4257-86A2-2452F9624948}.Release|x86.Build.0 = Release|Any CPU
		{EBEBE56D-4AEB-4EA2-A275-B742FC899871}.Debug|Any CPU.ActiveCfg = Debug|Any CPU
		{EBEBE56D-4AEB-4EA2-A275-B742FC899871}.Debug|Any CPU.Build.0 = Debug|Any CPU
		{EBEBE56D-4AEB-4EA2-A275-B742FC899871}.Debug|x64.ActiveCfg = Debug|Any CPU
		{EBEBE56D-4AEB-4EA2-A275-B742FC899871}.Debug|x64.Build.0 = Debug|Any CPU
		{EBEBE56D-4AEB-4EA2-A275-B742FC899871}.Debug|x86.ActiveCfg = Debug|Any CPU
		{EBEBE56D-4AEB-4EA2-A275-B742FC899871}.Debug|x86.Build.0 = Debug|Any CPU
		{EBEBE56D-4AEB-4EA2-A275-B742FC899871}.Release|Any CPU.ActiveCfg = Release|Any CPU
		{EBEBE56D-4AEB-4EA2-A275-B742FC899871}.Release|Any CPU.Build.0 = Release|Any CPU
		{EBEBE56D-4AEB-4EA2-A275-B742FC899871}.Release|x64.ActiveCfg = Release|Any CPU
		{EBEBE56D-4AEB-4EA2-A275-B742FC899871}.Release|x64.Build.0 = Release|Any CPU
		{EBEBE56D-4AEB-4EA2-A275-B742FC899871}.Release|x86.ActiveCfg = Release|Any CPU
		{EBEBE56D-4AEB-4EA2-A275-B742FC899871}.Release|x86.Build.0 = Release|Any CPU
		{F9600E9A-6A48-48FD-82F8-085F03F099BC}.Debug|Any CPU.ActiveCfg = Debug|Any CPU
		{F9600E9A-6A48-48FD-82F8-085F03F099BC}.Debug|Any CPU.Build.0 = Debug|Any CPU
		{F9600E9A-6A48-48FD-82F8-085F03F099BC}.Debug|x64.ActiveCfg = Debug|Any CPU
		{F9600E9A-6A48-48FD-82F8-085F03F099BC}.Debug|x64.Build.0 = Debug|Any CPU
		{F9600E9A-6A48-48FD-82F8-085F03F099BC}.Debug|x86.ActiveCfg = Debug|Any CPU
		{F9600E9A-6A48-48FD-82F8-085F03F099BC}.Debug|x86.Build.0 = Debug|Any CPU
		{F9600E9A-6A48-48FD-82F8-085F03F099BC}.Release|Any CPU.ActiveCfg = Release|Any CPU
		{F9600E9A-6A48-48FD-82F8-085F03F099BC}.Release|Any CPU.Build.0 = Release|Any CPU
		{F9600E9A-6A48-48FD-82F8-085F03F099BC}.Release|x64.ActiveCfg = Release|Any CPU
		{F9600E9A-6A48-48FD-82F8-085F03F099BC}.Release|x64.Build.0 = Release|Any CPU
		{F9600E9A-6A48-48FD-82F8-085F03F099BC}.Release|x86.ActiveCfg = Release|Any CPU
		{F9600E9A-6A48-48FD-82F8-085F03F099BC}.Release|x86.Build.0 = Release|Any CPU
		{156DF608-98A0-4B76-A563-B1F3DB0CAF83}.Debug|Any CPU.ActiveCfg = Debug|Any CPU
		{156DF608-98A0-4B76-A563-B1F3DB0CAF83}.Debug|Any CPU.Build.0 = Debug|Any CPU
		{156DF608-98A0-4B76-A563-B1F3DB0CAF83}.Debug|x64.ActiveCfg = Debug|Any CPU
		{156DF608-98A0-4B76-A563-B1F3DB0CAF83}.Debug|x64.Build.0 = Debug|Any CPU
		{156DF608-98A0-4B76-A563-B1F3DB0CAF83}.Debug|x86.ActiveCfg = Debug|Any CPU
		{156DF608-98A0-4B76-A563-B1F3DB0CAF83}.Debug|x86.Build.0 = Debug|Any CPU
		{156DF608-98A0-4B76-A563-B1F3DB0CAF83}.Release|Any CPU.ActiveCfg = Release|Any CPU
		{156DF608-98A0-4B76-A563-B1F3DB0CAF83}.Release|Any CPU.Build.0 = Release|Any CPU
		{156DF608-98A0-4B76-A563-B1F3DB0CAF83}.Release|x64.ActiveCfg = Release|Any CPU
		{156DF608-98A0-4B76-A563-B1F3DB0CAF83}.Release|x64.Build.0 = Release|Any CPU
		{156DF608-98A0-4B76-A563-B1F3DB0CAF83}.Release|x86.ActiveCfg = Release|Any CPU
		{156DF608-98A0-4B76-A563-B1F3DB0CAF83}.Release|x86.Build.0 = Release|Any CPU
		{43129568-79E4-4EC8-BB46-49B69A525974}.Debug|Any CPU.ActiveCfg = Debug|Any CPU
		{43129568-79E4-4EC8-BB46-49B69A525974}.Debug|Any CPU.Build.0 = Debug|Any CPU
		{43129568-79E4-4EC8-BB46-49B69A525974}.Debug|x64.ActiveCfg = Debug|Any CPU
		{43129568-79E4-4EC8-BB46-49B69A525974}.Debug|x64.Build.0 = Debug|Any CPU
		{43129568-79E4-4EC8-BB46-49B69A525974}.Debug|x86.ActiveCfg = Debug|Any CPU
		{43129568-79E4-4EC8-BB46-49B69A525974}.Debug|x86.Build.0 = Debug|Any CPU
		{43129568-79E4-4EC8-BB46-49B69A525974}.Release|Any CPU.ActiveCfg = Release|Any CPU
		{43129568-79E4-4EC8-BB46-49B69A525974}.Release|Any CPU.Build.0 = Release|Any CPU
		{43129568-79E4-4EC8-BB46-49B69A525974}.Release|x64.ActiveCfg = Release|Any CPU
		{43129568-79E4-4EC8-BB46-49B69A525974}.Release|x64.Build.0 = Release|Any CPU
		{43129568-79E4-4EC8-BB46-49B69A525974}.Release|x86.ActiveCfg = Release|Any CPU
		{43129568-79E4-4EC8-BB46-49B69A525974}.Release|x86.Build.0 = Release|Any CPU
		{E15E2722-8106-4436-AAEC-573596357559}.Debug|Any CPU.ActiveCfg = Debug|Any CPU
		{E15E2722-8106-4436-AAEC-573596357559}.Debug|Any CPU.Build.0 = Debug|Any CPU
		{E15E2722-8106-4436-AAEC-573596357559}.Debug|x64.ActiveCfg = Debug|Any CPU
		{E15E2722-8106-4436-AAEC-573596357559}.Debug|x64.Build.0 = Debug|Any CPU
		{E15E2722-8106-4436-AAEC-573596357559}.Debug|x86.ActiveCfg = Debug|Any CPU
		{E15E2722-8106-4436-AAEC-573596357559}.Debug|x86.Build.0 = Debug|Any CPU
		{E15E2722-8106-4436-AAEC-573596357559}.Release|Any CPU.ActiveCfg = Release|Any CPU
		{E15E2722-8106-4436-AAEC-573596357559}.Release|Any CPU.Build.0 = Release|Any CPU
		{E15E2722-8106-4436-AAEC-573596357559}.Release|x64.ActiveCfg = Release|Any CPU
		{E15E2722-8106-4436-AAEC-573596357559}.Release|x64.Build.0 = Release|Any CPU
		{E15E2722-8106-4436-AAEC-573596357559}.Release|x86.ActiveCfg = Release|Any CPU
		{E15E2722-8106-4436-AAEC-573596357559}.Release|x86.Build.0 = Release|Any CPU
		{5575342E-6619-4C24-9389-9D67172C2405}.Debug|Any CPU.ActiveCfg = Debug|Any CPU
		{5575342E-6619-4C24-9389-9D67172C2405}.Debug|Any CPU.Build.0 = Debug|Any CPU
		{5575342E-6619-4C24-9389-9D67172C2405}.Debug|x64.ActiveCfg = Debug|Any CPU
		{5575342E-6619-4C24-9389-9D67172C2405}.Debug|x64.Build.0 = Debug|Any CPU
		{5575342E-6619-4C24-9389-9D67172C2405}.Debug|x86.ActiveCfg = Debug|Any CPU
		{5575342E-6619-4C24-9389-9D67172C2405}.Debug|x86.Build.0 = Debug|Any CPU
		{5575342E-6619-4C24-9389-9D67172C2405}.Release|Any CPU.ActiveCfg = Release|Any CPU
		{5575342E-6619-4C24-9389-9D67172C2405}.Release|Any CPU.Build.0 = Release|Any CPU
		{5575342E-6619-4C24-9389-9D67172C2405}.Release|x64.ActiveCfg = Release|Any CPU
		{5575342E-6619-4C24-9389-9D67172C2405}.Release|x64.Build.0 = Release|Any CPU
		{5575342E-6619-4C24-9389-9D67172C2405}.Release|x86.ActiveCfg = Release|Any CPU
		{5575342E-6619-4C24-9389-9D67172C2405}.Release|x86.Build.0 = Release|Any CPU
		{A5CAC281-7225-4FE7-95CF-6F2E5BB28673}.Debug|Any CPU.ActiveCfg = Debug|Any CPU
		{A5CAC281-7225-4FE7-95CF-6F2E5BB28673}.Debug|Any CPU.Build.0 = Debug|Any CPU
		{A5CAC281-7225-4FE7-95CF-6F2E5BB28673}.Debug|x64.ActiveCfg = Debug|Any CPU
		{A5CAC281-7225-4FE7-95CF-6F2E5BB28673}.Debug|x64.Build.0 = Debug|Any CPU
		{A5CAC281-7225-4FE7-95CF-6F2E5BB28673}.Debug|x86.ActiveCfg = Debug|Any CPU
		{A5CAC281-7225-4FE7-95CF-6F2E5BB28673}.Debug|x86.Build.0 = Debug|Any CPU
		{A5CAC281-7225-4FE7-95CF-6F2E5BB28673}.Release|Any CPU.ActiveCfg = Release|Any CPU
		{A5CAC281-7225-4FE7-95CF-6F2E5BB28673}.Release|Any CPU.Build.0 = Release|Any CPU
		{A5CAC281-7225-4FE7-95CF-6F2E5BB28673}.Release|x64.ActiveCfg = Release|Any CPU
		{A5CAC281-7225-4FE7-95CF-6F2E5BB28673}.Release|x64.Build.0 = Release|Any CPU
		{A5CAC281-7225-4FE7-95CF-6F2E5BB28673}.Release|x86.ActiveCfg = Release|Any CPU
		{A5CAC281-7225-4FE7-95CF-6F2E5BB28673}.Release|x86.Build.0 = Release|Any CPU
		{6E94A9E3-7339-4B9F-8AA3-7C96FFE15098}.Debug|Any CPU.ActiveCfg = Debug|Any CPU
		{6E94A9E3-7339-4B9F-8AA3-7C96FFE15098}.Debug|Any CPU.Build.0 = Debug|Any CPU
		{6E94A9E3-7339-4B9F-8AA3-7C96FFE15098}.Debug|x64.ActiveCfg = Debug|Any CPU
		{6E94A9E3-7339-4B9F-8AA3-7C96FFE15098}.Debug|x64.Build.0 = Debug|Any CPU
		{6E94A9E3-7339-4B9F-8AA3-7C96FFE15098}.Debug|x86.ActiveCfg = Debug|Any CPU
		{6E94A9E3-7339-4B9F-8AA3-7C96FFE15098}.Debug|x86.Build.0 = Debug|Any CPU
		{6E94A9E3-7339-4B9F-8AA3-7C96FFE15098}.Release|Any CPU.ActiveCfg = Release|Any CPU
		{6E94A9E3-7339-4B9F-8AA3-7C96FFE15098}.Release|Any CPU.Build.0 = Release|Any CPU
		{6E94A9E3-7339-4B9F-8AA3-7C96FFE15098}.Release|x64.ActiveCfg = Release|Any CPU
		{6E94A9E3-7339-4B9F-8AA3-7C96FFE15098}.Release|x64.Build.0 = Release|Any CPU
		{6E94A9E3-7339-4B9F-8AA3-7C96FFE15098}.Release|x86.ActiveCfg = Release|Any CPU
		{6E94A9E3-7339-4B9F-8AA3-7C96FFE15098}.Release|x86.Build.0 = Release|Any CPU
		{873C4252-644E-4EF8-BEA3-1CFE3984F925}.Debug|Any CPU.ActiveCfg = Debug|Any CPU
		{873C4252-644E-4EF8-BEA3-1CFE3984F925}.Debug|Any CPU.Build.0 = Debug|Any CPU
		{873C4252-644E-4EF8-BEA3-1CFE3984F925}.Debug|x64.ActiveCfg = Debug|Any CPU
		{873C4252-644E-4EF8-BEA3-1CFE3984F925}.Debug|x64.Build.0 = Debug|Any CPU
		{873C4252-644E-4EF8-BEA3-1CFE3984F925}.Debug|x86.ActiveCfg = Debug|Any CPU
		{873C4252-644E-4EF8-BEA3-1CFE3984F925}.Debug|x86.Build.0 = Debug|Any CPU
		{873C4252-644E-4EF8-BEA3-1CFE3984F925}.Release|Any CPU.ActiveCfg = Release|Any CPU
		{873C4252-644E-4EF8-BEA3-1CFE3984F925}.Release|Any CPU.Build.0 = Release|Any CPU
		{873C4252-644E-4EF8-BEA3-1CFE3984F925}.Release|x64.ActiveCfg = Release|Any CPU
		{873C4252-644E-4EF8-BEA3-1CFE3984F925}.Release|x64.Build.0 = Release|Any CPU
		{873C4252-644E-4EF8-BEA3-1CFE3984F925}.Release|x86.ActiveCfg = Release|Any CPU
		{873C4252-644E-4EF8-BEA3-1CFE3984F925}.Release|x86.Build.0 = Release|Any CPU
		{43154333-8B43-457C-9858-A82369905C2B}.Debug|Any CPU.ActiveCfg = Debug|Any CPU
		{43154333-8B43-457C-9858-A82369905C2B}.Debug|Any CPU.Build.0 = Debug|Any CPU
		{43154333-8B43-457C-9858-A82369905C2B}.Debug|x64.ActiveCfg = Debug|Any CPU
		{43154333-8B43-457C-9858-A82369905C2B}.Debug|x64.Build.0 = Debug|Any CPU
		{43154333-8B43-457C-9858-A82369905C2B}.Debug|x86.ActiveCfg = Debug|Any CPU
		{43154333-8B43-457C-9858-A82369905C2B}.Debug|x86.Build.0 = Debug|Any CPU
		{43154333-8B43-457C-9858-A82369905C2B}.Release|Any CPU.ActiveCfg = Release|Any CPU
		{43154333-8B43-457C-9858-A82369905C2B}.Release|Any CPU.Build.0 = Release|Any CPU
		{43154333-8B43-457C-9858-A82369905C2B}.Release|x64.ActiveCfg = Release|Any CPU
		{43154333-8B43-457C-9858-A82369905C2B}.Release|x64.Build.0 = Release|Any CPU
		{43154333-8B43-457C-9858-A82369905C2B}.Release|x86.ActiveCfg = Release|Any CPU
		{43154333-8B43-457C-9858-A82369905C2B}.Release|x86.Build.0 = Release|Any CPU
		{70D77B67-CC80-4764-84DB-87BCF5F154BC}.Debug|Any CPU.ActiveCfg = Debug|Any CPU
		{70D77B67-CC80-4764-84DB-87BCF5F154BC}.Debug|Any CPU.Build.0 = Debug|Any CPU
		{70D77B67-CC80-4764-84DB-87BCF5F154BC}.Debug|x64.ActiveCfg = Debug|Any CPU
		{70D77B67-CC80-4764-84DB-87BCF5F154BC}.Debug|x64.Build.0 = Debug|Any CPU
		{70D77B67-CC80-4764-84DB-87BCF5F154BC}.Debug|x86.ActiveCfg = Debug|Any CPU
		{70D77B67-CC80-4764-84DB-87BCF5F154BC}.Debug|x86.Build.0 = Debug|Any CPU
		{70D77B67-CC80-4764-84DB-87BCF5F154BC}.Release|Any CPU.ActiveCfg = Release|Any CPU
		{70D77B67-CC80-4764-84DB-87BCF5F154BC}.Release|Any CPU.Build.0 = Release|Any CPU
		{70D77B67-CC80-4764-84DB-87BCF5F154BC}.Release|x64.ActiveCfg = Release|Any CPU
		{70D77B67-CC80-4764-84DB-87BCF5F154BC}.Release|x64.Build.0 = Release|Any CPU
		{70D77B67-CC80-4764-84DB-87BCF5F154BC}.Release|x86.ActiveCfg = Release|Any CPU
		{70D77B67-CC80-4764-84DB-87BCF5F154BC}.Release|x86.Build.0 = Release|Any CPU
		{E2D8FA43-43EF-4F14-9C75-447304DB3C11}.Debug|Any CPU.ActiveCfg = Debug|Any CPU
		{E2D8FA43-43EF-4F14-9C75-447304DB3C11}.Debug|Any CPU.Build.0 = Debug|Any CPU
		{E2D8FA43-43EF-4F14-9C75-447304DB3C11}.Debug|x64.ActiveCfg = Debug|Any CPU
		{E2D8FA43-43EF-4F14-9C75-447304DB3C11}.Debug|x64.Build.0 = Debug|Any CPU
		{E2D8FA43-43EF-4F14-9C75-447304DB3C11}.Debug|x86.ActiveCfg = Debug|Any CPU
		{E2D8FA43-43EF-4F14-9C75-447304DB3C11}.Debug|x86.Build.0 = Debug|Any CPU
		{E2D8FA43-43EF-4F14-9C75-447304DB3C11}.Release|Any CPU.ActiveCfg = Release|Any CPU
		{E2D8FA43-43EF-4F14-9C75-447304DB3C11}.Release|Any CPU.Build.0 = Release|Any CPU
		{E2D8FA43-43EF-4F14-9C75-447304DB3C11}.Release|x64.ActiveCfg = Release|Any CPU
		{E2D8FA43-43EF-4F14-9C75-447304DB3C11}.Release|x64.Build.0 = Release|Any CPU
		{E2D8FA43-43EF-4F14-9C75-447304DB3C11}.Release|x86.ActiveCfg = Release|Any CPU
		{E2D8FA43-43EF-4F14-9C75-447304DB3C11}.Release|x86.Build.0 = Release|Any CPU
		{81BC5B03-C669-4D95-A74B-B57C717DE239}.Debug|Any CPU.ActiveCfg = Debug|Any CPU
		{81BC5B03-C669-4D95-A74B-B57C717DE239}.Debug|Any CPU.Build.0 = Debug|Any CPU
		{81BC5B03-C669-4D95-A74B-B57C717DE239}.Debug|x64.ActiveCfg = Debug|Any CPU
		{81BC5B03-C669-4D95-A74B-B57C717DE239}.Debug|x64.Build.0 = Debug|Any CPU
		{81BC5B03-C669-4D95-A74B-B57C717DE239}.Debug|x86.ActiveCfg = Debug|Any CPU
		{81BC5B03-C669-4D95-A74B-B57C717DE239}.Debug|x86.Build.0 = Debug|Any CPU
		{81BC5B03-C669-4D95-A74B-B57C717DE239}.Release|Any CPU.ActiveCfg = Release|Any CPU
		{81BC5B03-C669-4D95-A74B-B57C717DE239}.Release|Any CPU.Build.0 = Release|Any CPU
		{81BC5B03-C669-4D95-A74B-B57C717DE239}.Release|x64.ActiveCfg = Release|Any CPU
		{81BC5B03-C669-4D95-A74B-B57C717DE239}.Release|x64.Build.0 = Release|Any CPU
		{81BC5B03-C669-4D95-A74B-B57C717DE239}.Release|x86.ActiveCfg = Release|Any CPU
		{81BC5B03-C669-4D95-A74B-B57C717DE239}.Release|x86.Build.0 = Release|Any CPU
		{2B82759E-0A3E-4C75-9189-688E57F59DCF}.Debug|Any CPU.ActiveCfg = Debug|Any CPU
		{2B82759E-0A3E-4C75-9189-688E57F59DCF}.Debug|Any CPU.Build.0 = Debug|Any CPU
		{2B82759E-0A3E-4C75-9189-688E57F59DCF}.Debug|x64.ActiveCfg = Debug|Any CPU
		{2B82759E-0A3E-4C75-9189-688E57F59DCF}.Debug|x64.Build.0 = Debug|Any CPU
		{2B82759E-0A3E-4C75-9189-688E57F59DCF}.Debug|x86.ActiveCfg = Debug|Any CPU
		{2B82759E-0A3E-4C75-9189-688E57F59DCF}.Debug|x86.Build.0 = Debug|Any CPU
		{2B82759E-0A3E-4C75-9189-688E57F59DCF}.Release|Any CPU.ActiveCfg = Release|Any CPU
		{2B82759E-0A3E-4C75-9189-688E57F59DCF}.Release|Any CPU.Build.0 = Release|Any CPU
		{2B82759E-0A3E-4C75-9189-688E57F59DCF}.Release|x64.ActiveCfg = Release|Any CPU
		{2B82759E-0A3E-4C75-9189-688E57F59DCF}.Release|x64.Build.0 = Release|Any CPU
		{2B82759E-0A3E-4C75-9189-688E57F59DCF}.Release|x86.ActiveCfg = Release|Any CPU
		{2B82759E-0A3E-4C75-9189-688E57F59DCF}.Release|x86.Build.0 = Release|Any CPU
		{66ED7E01-7208-4D58-8C7E-DD236B0556C6}.Debug|Any CPU.ActiveCfg = Debug|Any CPU
		{66ED7E01-7208-4D58-8C7E-DD236B0556C6}.Debug|Any CPU.Build.0 = Debug|Any CPU
		{66ED7E01-7208-4D58-8C7E-DD236B0556C6}.Debug|x64.ActiveCfg = Debug|Any CPU
		{66ED7E01-7208-4D58-8C7E-DD236B0556C6}.Debug|x64.Build.0 = Debug|Any CPU
		{66ED7E01-7208-4D58-8C7E-DD236B0556C6}.Debug|x86.ActiveCfg = Debug|Any CPU
		{66ED7E01-7208-4D58-8C7E-DD236B0556C6}.Debug|x86.Build.0 = Debug|Any CPU
		{66ED7E01-7208-4D58-8C7E-DD236B0556C6}.Release|Any CPU.ActiveCfg = Release|Any CPU
		{66ED7E01-7208-4D58-8C7E-DD236B0556C6}.Release|Any CPU.Build.0 = Release|Any CPU
		{66ED7E01-7208-4D58-8C7E-DD236B0556C6}.Release|x64.ActiveCfg = Release|Any CPU
		{66ED7E01-7208-4D58-8C7E-DD236B0556C6}.Release|x64.Build.0 = Release|Any CPU
		{66ED7E01-7208-4D58-8C7E-DD236B0556C6}.Release|x86.ActiveCfg = Release|Any CPU
		{66ED7E01-7208-4D58-8C7E-DD236B0556C6}.Release|x86.Build.0 = Release|Any CPU
		{895DE8D8-5874-4791-A866-B528E4002D4E}.Debug|Any CPU.ActiveCfg = Debug|Any CPU
		{895DE8D8-5874-4791-A866-B528E4002D4E}.Debug|Any CPU.Build.0 = Debug|Any CPU
		{895DE8D8-5874-4791-A866-B528E4002D4E}.Debug|x64.ActiveCfg = Debug|Any CPU
		{895DE8D8-5874-4791-A866-B528E4002D4E}.Debug|x64.Build.0 = Debug|Any CPU
		{895DE8D8-5874-4791-A866-B528E4002D4E}.Debug|x86.ActiveCfg = Debug|Any CPU
		{895DE8D8-5874-4791-A866-B528E4002D4E}.Debug|x86.Build.0 = Debug|Any CPU
		{895DE8D8-5874-4791-A866-B528E4002D4E}.Release|Any CPU.ActiveCfg = Release|Any CPU
		{895DE8D8-5874-4791-A866-B528E4002D4E}.Release|Any CPU.Build.0 = Release|Any CPU
		{895DE8D8-5874-4791-A866-B528E4002D4E}.Release|x64.ActiveCfg = Release|Any CPU
		{895DE8D8-5874-4791-A866-B528E4002D4E}.Release|x64.Build.0 = Release|Any CPU
		{895DE8D8-5874-4791-A866-B528E4002D4E}.Release|x86.ActiveCfg = Release|Any CPU
		{895DE8D8-5874-4791-A866-B528E4002D4E}.Release|x86.Build.0 = Release|Any CPU
		{4644E313-8821-4D22-87FF-C298CD670EC5}.Debug|Any CPU.ActiveCfg = Debug|Any CPU
		{4644E313-8821-4D22-87FF-C298CD670EC5}.Debug|Any CPU.Build.0 = Debug|Any CPU
		{4644E313-8821-4D22-87FF-C298CD670EC5}.Debug|x64.ActiveCfg = Debug|Any CPU
		{4644E313-8821-4D22-87FF-C298CD670EC5}.Debug|x64.Build.0 = Debug|Any CPU
		{4644E313-8821-4D22-87FF-C298CD670EC5}.Debug|x86.ActiveCfg = Debug|Any CPU
		{4644E313-8821-4D22-87FF-C298CD670EC5}.Debug|x86.Build.0 = Debug|Any CPU
		{4644E313-8821-4D22-87FF-C298CD670EC5}.Release|Any CPU.ActiveCfg = Release|Any CPU
		{4644E313-8821-4D22-87FF-C298CD670EC5}.Release|Any CPU.Build.0 = Release|Any CPU
		{4644E313-8821-4D22-87FF-C298CD670EC5}.Release|x64.ActiveCfg = Release|Any CPU
		{4644E313-8821-4D22-87FF-C298CD670EC5}.Release|x64.Build.0 = Release|Any CPU
		{4644E313-8821-4D22-87FF-C298CD670EC5}.Release|x86.ActiveCfg = Release|Any CPU
		{4644E313-8821-4D22-87FF-C298CD670EC5}.Release|x86.Build.0 = Release|Any CPU
		{3C5E4236-2016-4970-98A3-184FDAFEFDC5}.Debug|Any CPU.ActiveCfg = Debug|Any CPU
		{3C5E4236-2016-4970-98A3-184FDAFEFDC5}.Debug|Any CPU.Build.0 = Debug|Any CPU
		{3C5E4236-2016-4970-98A3-184FDAFEFDC5}.Debug|x64.ActiveCfg = Debug|Any CPU
		{3C5E4236-2016-4970-98A3-184FDAFEFDC5}.Debug|x64.Build.0 = Debug|Any CPU
		{3C5E4236-2016-4970-98A3-184FDAFEFDC5}.Debug|x86.ActiveCfg = Debug|Any CPU
		{3C5E4236-2016-4970-98A3-184FDAFEFDC5}.Debug|x86.Build.0 = Debug|Any CPU
		{3C5E4236-2016-4970-98A3-184FDAFEFDC5}.Release|Any CPU.ActiveCfg = Release|Any CPU
		{3C5E4236-2016-4970-98A3-184FDAFEFDC5}.Release|Any CPU.Build.0 = Release|Any CPU
		{3C5E4236-2016-4970-98A3-184FDAFEFDC5}.Release|x64.ActiveCfg = Release|Any CPU
		{3C5E4236-2016-4970-98A3-184FDAFEFDC5}.Release|x64.Build.0 = Release|Any CPU
		{3C5E4236-2016-4970-98A3-184FDAFEFDC5}.Release|x86.ActiveCfg = Release|Any CPU
		{3C5E4236-2016-4970-98A3-184FDAFEFDC5}.Release|x86.Build.0 = Release|Any CPU
		{36C94E17-96AD-4A6D-AE90-D7ECBE389FE5}.Debug|Any CPU.ActiveCfg = Debug|Any CPU
		{36C94E17-96AD-4A6D-AE90-D7ECBE389FE5}.Debug|Any CPU.Build.0 = Debug|Any CPU
		{36C94E17-96AD-4A6D-AE90-D7ECBE389FE5}.Debug|x64.ActiveCfg = Debug|Any CPU
		{36C94E17-96AD-4A6D-AE90-D7ECBE389FE5}.Debug|x64.Build.0 = Debug|Any CPU
		{36C94E17-96AD-4A6D-AE90-D7ECBE389FE5}.Debug|x86.ActiveCfg = Debug|Any CPU
		{36C94E17-96AD-4A6D-AE90-D7ECBE389FE5}.Debug|x86.Build.0 = Debug|Any CPU
		{36C94E17-96AD-4A6D-AE90-D7ECBE389FE5}.Release|Any CPU.ActiveCfg = Release|Any CPU
		{36C94E17-96AD-4A6D-AE90-D7ECBE389FE5}.Release|Any CPU.Build.0 = Release|Any CPU
		{36C94E17-96AD-4A6D-AE90-D7ECBE389FE5}.Release|x64.ActiveCfg = Release|Any CPU
		{36C94E17-96AD-4A6D-AE90-D7ECBE389FE5}.Release|x64.Build.0 = Release|Any CPU
		{36C94E17-96AD-4A6D-AE90-D7ECBE389FE5}.Release|x86.ActiveCfg = Release|Any CPU
		{36C94E17-96AD-4A6D-AE90-D7ECBE389FE5}.Release|x86.Build.0 = Release|Any CPU
		{4EAC60D3-1E69-4A56-8F96-5DBD675C54CF}.Debug|Any CPU.ActiveCfg = Debug|Any CPU
		{4EAC60D3-1E69-4A56-8F96-5DBD675C54CF}.Debug|Any CPU.Build.0 = Debug|Any CPU
		{4EAC60D3-1E69-4A56-8F96-5DBD675C54CF}.Debug|x64.ActiveCfg = Debug|Any CPU
		{4EAC60D3-1E69-4A56-8F96-5DBD675C54CF}.Debug|x64.Build.0 = Debug|Any CPU
		{4EAC60D3-1E69-4A56-8F96-5DBD675C54CF}.Debug|x86.ActiveCfg = Debug|Any CPU
		{4EAC60D3-1E69-4A56-8F96-5DBD675C54CF}.Debug|x86.Build.0 = Debug|Any CPU
		{4EAC60D3-1E69-4A56-8F96-5DBD675C54CF}.Release|Any CPU.ActiveCfg = Release|Any CPU
		{4EAC60D3-1E69-4A56-8F96-5DBD675C54CF}.Release|Any CPU.Build.0 = Release|Any CPU
		{4EAC60D3-1E69-4A56-8F96-5DBD675C54CF}.Release|x64.ActiveCfg = Release|Any CPU
		{4EAC60D3-1E69-4A56-8F96-5DBD675C54CF}.Release|x64.Build.0 = Release|Any CPU
		{4EAC60D3-1E69-4A56-8F96-5DBD675C54CF}.Release|x86.ActiveCfg = Release|Any CPU
		{4EAC60D3-1E69-4A56-8F96-5DBD675C54CF}.Release|x86.Build.0 = Release|Any CPU
		{69CD9BDF-D49B-43D1-A72B-91A0D58AD00B}.Debug|Any CPU.ActiveCfg = Debug|Any CPU
		{69CD9BDF-D49B-43D1-A72B-91A0D58AD00B}.Debug|Any CPU.Build.0 = Debug|Any CPU
		{69CD9BDF-D49B-43D1-A72B-91A0D58AD00B}.Debug|x64.ActiveCfg = Debug|Any CPU
		{69CD9BDF-D49B-43D1-A72B-91A0D58AD00B}.Debug|x64.Build.0 = Debug|Any CPU
		{69CD9BDF-D49B-43D1-A72B-91A0D58AD00B}.Debug|x86.ActiveCfg = Debug|Any CPU
		{69CD9BDF-D49B-43D1-A72B-91A0D58AD00B}.Debug|x86.Build.0 = Debug|Any CPU
		{69CD9BDF-D49B-43D1-A72B-91A0D58AD00B}.Release|Any CPU.ActiveCfg = Release|Any CPU
		{69CD9BDF-D49B-43D1-A72B-91A0D58AD00B}.Release|Any CPU.Build.0 = Release|Any CPU
		{69CD9BDF-D49B-43D1-A72B-91A0D58AD00B}.Release|x64.ActiveCfg = Release|Any CPU
		{69CD9BDF-D49B-43D1-A72B-91A0D58AD00B}.Release|x64.Build.0 = Release|Any CPU
		{69CD9BDF-D49B-43D1-A72B-91A0D58AD00B}.Release|x86.ActiveCfg = Release|Any CPU
		{69CD9BDF-D49B-43D1-A72B-91A0D58AD00B}.Release|x86.Build.0 = Release|Any CPU
	EndGlobalSection
	GlobalSection(SolutionProperties) = preSolution
		HideSolutionNode = FALSE
	EndGlobalSection
	GlobalSection(NestedProjects) = preSolution
		{917E5159-CF5A-4F33-AEE5-82DB145FFEBB} = {A0F9EEBA-E47D-4F81-B59B-8A50065E056D}
		{D9CCA310-9DFD-4353-8F79-3C4BE5BEFB3E} = {A0F9EEBA-E47D-4F81-B59B-8A50065E056D}
		{5F84F77C-4B96-470E-B6E1-FEC39157DD2D} = {A0F9EEBA-E47D-4F81-B59B-8A50065E056D}
		{4E6C91D7-7D3C-4B90-B3D6-3360C8E8C1D9} = {A0F9EEBA-E47D-4F81-B59B-8A50065E056D}
		{60047ABC-4849-4F9C-80F9-42C9B367B375} = {A0F9EEBA-E47D-4F81-B59B-8A50065E056D}
		{D15C5136-38D7-4E07-A0AE-BC5631FD3F1C} = {A0F9EEBA-E47D-4F81-B59B-8A50065E056D}
		{370DAC7C-8C06-431C-9BEA-C30753F9FAC2} = {A0F9EEBA-E47D-4F81-B59B-8A50065E056D}
		{D08C95FD-57AC-4758-BB1B-EC414F7E8CD1} = {A0F9EEBA-E47D-4F81-B59B-8A50065E056D}
		{2C0763D3-F45B-48AE-A2A2-B48D2CB2A23F} = {A0F9EEBA-E47D-4F81-B59B-8A50065E056D}
		{9FED8D81-836F-4ABD-8D73-7110F21C56DD} = {A0F9EEBA-E47D-4F81-B59B-8A50065E056D}
		{4FAC8A03-4997-4AA5-92FD-EC3267D7C734} = {A0F9EEBA-E47D-4F81-B59B-8A50065E056D}
		{5B2562A3-1B66-4AE0-8546-3A461C435614} = {A0F9EEBA-E47D-4F81-B59B-8A50065E056D}
		{FAD431C7-2A05-4B9F-B58D-D2827F6F71EA} = {A0F9EEBA-E47D-4F81-B59B-8A50065E056D}
		{A449E750-3E78-48B3-8A98-BE1CD2A8A76B} = {A0F9EEBA-E47D-4F81-B59B-8A50065E056D}
		{26BFC477-59A6-4715-83EC-9235D9DA3FE8} = {A0F9EEBA-E47D-4F81-B59B-8A50065E056D}
		{0AEC6B89-1155-46B1-BB5D-93C4A2CB96FC} = {A0F9EEBA-E47D-4F81-B59B-8A50065E056D}
		{7496C9C4-BBC2-46A0-A26A-5E4F45F6D94A} = {A0F9EEBA-E47D-4F81-B59B-8A50065E056D}
		{6FEBF854-5515-4D61-BDD8-2614820DF041} = {A0F9EEBA-E47D-4F81-B59B-8A50065E056D}
		{3EC9E0D0-C7F6-4434-A8B9-9D82C5C57950} = {A0F9EEBA-E47D-4F81-B59B-8A50065E056D}
		{87267F49-C336-45A2-9A2F-65F89A0FDBE3} = {A0F9EEBA-E47D-4F81-B59B-8A50065E056D}
		{B9779451-AF56-462B-BCD7-7A9DA3B03F7A} = {A0F9EEBA-E47D-4F81-B59B-8A50065E056D}
		{677F38BF-761C-46D1-9516-5E6381F039B5} = {A0F9EEBA-E47D-4F81-B59B-8A50065E056D}
		{A8A7E7C1-3854-4F1D-B9EC-B39464F4B45A} = {A0F9EEBA-E47D-4F81-B59B-8A50065E056D}
		{2D0FE3E7-6BF4-4E1F-93A2-25AA3598BEE7} = {A0F9EEBA-E47D-4F81-B59B-8A50065E056D}
		{20A64DE9-8008-4537-B5CB-B638AD6FC5B3} = {A0F9EEBA-E47D-4F81-B59B-8A50065E056D}
		{E8BCE520-AA5E-493B-8318-1A4999D4B359} = {A0F9EEBA-E47D-4F81-B59B-8A50065E056D}
		{5ACA0296-35E2-4FA2-95A8-C1EF521D14E1} = {A0F9EEBA-E47D-4F81-B59B-8A50065E056D}
		{54933328-668F-42F6-A428-BEAE9004EA51} = {A0F9EEBA-E47D-4F81-B59B-8A50065E056D}
		{6DAFAB9F-F44D-4D8B-A952-721795059EE6} = {A0F9EEBA-E47D-4F81-B59B-8A50065E056D}
		{189FBCB8-AA32-4A16-B50A-0C1CF8BDEC61} = {A0F9EEBA-E47D-4F81-B59B-8A50065E056D}
		{AEE90D88-4F59-4E91-BB4E-2FF48C5E1053} = {A0F9EEBA-E47D-4F81-B59B-8A50065E056D}
		{AAA887D4-A574-4EF0-BFB5-CDE65E1A43DA} = {A0F9EEBA-E47D-4F81-B59B-8A50065E056D}
		{3E6DE2E4-2F2F-4F34-B81E-A22A6FD51587} = {A0F9EEBA-E47D-4F81-B59B-8A50065E056D}
		{40188D18-ECBE-4257-86A2-2452F9624948} = {A0F9EEBA-E47D-4F81-B59B-8A50065E056D}
		{EBEBE56D-4AEB-4EA2-A275-B742FC899871} = {A0F9EEBA-E47D-4F81-B59B-8A50065E056D}
		{F9600E9A-6A48-48FD-82F8-085F03F099BC} = {A0F9EEBA-E47D-4F81-B59B-8A50065E056D}
		{156DF608-98A0-4B76-A563-B1F3DB0CAF83} = {A0F9EEBA-E47D-4F81-B59B-8A50065E056D}
		{43129568-79E4-4EC8-BB46-49B69A525974} = {A0F9EEBA-E47D-4F81-B59B-8A50065E056D}
		{E15E2722-8106-4436-AAEC-573596357559} = {A0F9EEBA-E47D-4F81-B59B-8A50065E056D}
		{5575342E-6619-4C24-9389-9D67172C2405} = {A0F9EEBA-E47D-4F81-B59B-8A50065E056D}
		{A5CAC281-7225-4FE7-95CF-6F2E5BB28673} = {A0F9EEBA-E47D-4F81-B59B-8A50065E056D}
		{6E94A9E3-7339-4B9F-8AA3-7C96FFE15098} = {A0F9EEBA-E47D-4F81-B59B-8A50065E056D}
		{873C4252-644E-4EF8-BEA3-1CFE3984F925} = {A0F9EEBA-E47D-4F81-B59B-8A50065E056D}
		{43154333-8B43-457C-9858-A82369905C2B} = {A0F9EEBA-E47D-4F81-B59B-8A50065E056D}
		{70D77B67-CC80-4764-84DB-87BCF5F154BC} = {A0F9EEBA-E47D-4F81-B59B-8A50065E056D}
		{E2D8FA43-43EF-4F14-9C75-447304DB3C11} = {A0F9EEBA-E47D-4F81-B59B-8A50065E056D}
		{81BC5B03-C669-4D95-A74B-B57C717DE239} = {A0F9EEBA-E47D-4F81-B59B-8A50065E056D}
		{2B82759E-0A3E-4C75-9189-688E57F59DCF} = {A0F9EEBA-E47D-4F81-B59B-8A50065E056D}
		{66ED7E01-7208-4D58-8C7E-DD236B0556C6} = {A0F9EEBA-E47D-4F81-B59B-8A50065E056D}
		{895DE8D8-5874-4791-A866-B528E4002D4E} = {A0F9EEBA-E47D-4F81-B59B-8A50065E056D}
		{4644E313-8821-4D22-87FF-C298CD670EC5} = {A0F9EEBA-E47D-4F81-B59B-8A50065E056D}
		{3C5E4236-2016-4970-98A3-184FDAFEFDC5} = {A0F9EEBA-E47D-4F81-B59B-8A50065E056D}
		{36C94E17-96AD-4A6D-AE90-D7ECBE389FE5} = {A0F9EEBA-E47D-4F81-B59B-8A50065E056D}
		{4EAC60D3-1E69-4A56-8F96-5DBD675C54CF} = {A0F9EEBA-E47D-4F81-B59B-8A50065E056D}
		{69CD9BDF-D49B-43D1-A72B-91A0D58AD00B} = {A0F9EEBA-E47D-4F81-B59B-8A50065E056D}
		{2ED2AF9E-6BD3-4E98-BD09-475BC8F739EC} = {2C813AF4-CC13-432C-8C10-4A66BB24D7ED}
	EndGlobalSection
	GlobalSection(ExtensibilityGlobals) = postSolution
		SolutionGuid = {F34BD1FF-9FB3-4809-B45D-C0B2DAB96D51}
	EndGlobalSection
	GlobalSection(MonoDevelopProperties) = preSolution
		version = 0.9.0
	EndGlobalSection
EndGlobal
