
Microsoft Visual Studio Solution File, Format Version 12.00
# Visual Studio Version 16
VisualStudioVersion = 16.0.29306.81
MinimumVisualStudioVersion = 10.0.40219.1
Project("{2150E333-8FDC-42A3-9474-1A3956D46DE8}") = "Runners", "Runners", "{4C6E571C-B385-4635-A869-8574073D8AAF}"
EndProject
Project("{9A19103F-16F7-4668-BE54-9A1E7A4F7556}") = "CSharpRunner.CoreDesktop", "Runners\CSharpRunnerCore\CSharpRunner.CoreDesktop.csproj", "{7CE4DA6E-8732-4225-977A-BB2AEB1335D2}"
EndProject
Project("{9A19103F-16F7-4668-BE54-9A1E7A4F7556}") = "LuaRunner.CoreDesktop", "Runners\LuaRunnerCore\LuaRunner.CoreDesktop.csproj", "{1982AFAA-C046-41CE-BA87-DB0E020A9DA7}"
EndProject
Global
	GlobalSection(SolutionConfigurationPlatforms) = preSolution
		Debug|Any CPU = Debug|Any CPU
		Debug|x64 = Debug|x64
		Debug|x86 = Debug|x86
		Release|Any CPU = Release|Any CPU
		Release|x64 = Release|x64
		Release|x86 = Release|x86
	EndGlobalSection
	GlobalSection(ProjectConfigurationPlatforms) = postSolution
		{7CE4DA6E-8732-4225-977A-BB2AEB1335D2}.Debug|Any CPU.ActiveCfg = Debug|Any CPU
		{7CE4DA6E-8732-4225-977A-BB2AEB1335D2}.Debug|Any CPU.Build.0 = Debug|Any CPU
		{7CE4DA6E-8732-4225-977A-BB2AEB1335D2}.Debug|x64.ActiveCfg = Debug|Any CPU
		{7CE4DA6E-8732-4225-977A-BB2AEB1335D2}.Debug|x64.Build.0 = Debug|Any CPU
		{7CE4DA6E-8732-4225-977A-BB2AEB1335D2}.Debug|x86.ActiveCfg = Debug|Any CPU
		{7CE4DA6E-8732-4225-977A-BB2AEB1335D2}.Debug|x86.Build.0 = Debug|Any CPU
		{7CE4DA6E-8732-4225-977A-BB2AEB1335D2}.Release|Any CPU.ActiveCfg = Release|Any CPU
		{7CE4DA6E-8732-4225-977A-BB2AEB1335D2}.Release|Any CPU.Build.0 = Release|Any CPU
		{7CE4DA6E-8732-4225-977A-BB2AEB1335D2}.Release|x64.ActiveCfg = Release|Any CPU
		{7CE4DA6E-8732-4225-977A-BB2AEB1335D2}.Release|x64.Build.0 = Release|Any CPU
		{7CE4DA6E-8732-4225-977A-BB2AEB1335D2}.Release|x86.ActiveCfg = Release|Any CPU
		{7CE4DA6E-8732-4225-977A-BB2AEB1335D2}.Release|x86.Build.0 = Release|Any CPU
		{1982AFAA-C046-41CE-BA87-DB0E020A9DA7}.Debug|Any CPU.ActiveCfg = Debug|Any CPU
		{1982AFAA-C046-41CE-BA87-DB0E020A9DA7}.Debug|Any CPU.Build.0 = Debug|Any CPU
		{1982AFAA-C046-41CE-BA87-DB0E020A9DA7}.Debug|x64.ActiveCfg = Debug|Any CPU
		{1982AFAA-C046-41CE-BA87-DB0E020A9DA7}.Debug|x64.Build.0 = Debug|Any CPU
		{1982AFAA-C046-41CE-BA87-DB0E020A9DA7}.Debug|x86.ActiveCfg = Debug|Any CPU
		{1982AFAA-C046-41CE-BA87-DB0E020A9DA7}.Debug|x86.Build.0 = Debug|Any CPU
		{1982AFAA-C046-41CE-BA87-DB0E020A9DA7}.Release|Any CPU.ActiveCfg = Release|Any CPU
		{1982AFAA-C046-41CE-BA87-DB0E020A9DA7}.Release|Any CPU.Build.0 = Release|Any CPU
		{1982AFAA-C046-41CE-BA87-DB0E020A9DA7}.Release|x64.ActiveCfg = Release|Any CPU
		{1982AFAA-C046-41CE-BA87-DB0E020A9DA7}.Release|x64.Build.0 = Release|Any CPU
		{1982AFAA-C046-41CE-BA87-DB0E020A9DA7}.Release|x86.ActiveCfg = Release|Any CPU
		{1982AFAA-C046-41CE-BA87-DB0E020A9DA7}.Release|x86.Build.0 = Release|Any CPU
	EndGlobalSection
	GlobalSection(SolutionProperties) = preSolution
		HideSolutionNode = FALSE
	EndGlobalSection
	GlobalSection(NestedProjects) = preSolution
		{7CE4DA6E-8732-4225-977A-BB2AEB1335D2} = {4C6E571C-B385-4635-A869-8574073D8AAF}
		{1982AFAA-C046-41CE-BA87-DB0E020A9DA7} = {4C6E571C-B385-4635-A869-8574073D8AAF}
	EndGlobalSection
	GlobalSection(ExtensibilityGlobals) = postSolution
		SolutionGuid = {F34BD1FF-9FB3-4809-B45D-C0B2DAB96D51}
	EndGlobalSection
	GlobalSection(MonoDevelopProperties) = preSolution
		version = 0.9.0
	EndGlobalSection
EndGlobal
